// !$*UTF8*$!
{
	archiveVersion = 1;
	classes = {
	};
	objectVersion = 56;
	objects = {

/* Begin PBXBuildFile section */
		453D32B82A48D06500FCEE29 /* DemosApp.swift in Sources */ = {isa = PBXBuildFile; fileRef = 453D32B72A48D06500FCEE29 /* DemosApp.swift */; };
		453D32BA2A48D06500FCEE29 /* ContentView.swift in Sources */ = {isa = PBXBuildFile; fileRef = 453D32B92A48D06500FCEE29 /* ContentView.swift */; };
		453D32BC2A48D06600FCEE29 /* Assets.xcassets in Resources */ = {isa = PBXBuildFile; fileRef = 453D32BB2A48D06600FCEE29 /* Assets.xcassets */; };
		453D32C02A48D06600FCEE29 /* Preview Assets.xcassets in Resources */ = {isa = PBXBuildFile; fileRef = 453D32BF2A48D06600FCEE29 /* Preview Assets.xcassets */; };
		455BE1E52A48EE6C007F0776 /* MetalView2.swift in Sources */ = {isa = PBXBuildFile; fileRef = 455BE1E42A48EE6C007F0776 /* MetalView2.swift */; };
		459E2E1E2A48D0D900E98F70 /* Everything in Frameworks */ = {isa = PBXBuildFile; productRef = 459E2E1D2A48D0D900E98F70 /* Everything */; };
		459E2E232A48D5A000E98F70 /* MetalSupport in Frameworks */ = {isa = PBXBuildFile; productRef = 459E2E222A48D5A000E98F70 /* MetalSupport */; };
		459E2E262A48D5B900E98F70 /* SIMDSupport in Frameworks */ = {isa = PBXBuildFile; productRef = 459E2E252A48D5B900E98F70 /* SIMDSupport */; };
		459E2E292A48D64000E98F70 /* RenderKitSupport in Frameworks */ = {isa = PBXBuildFile; productRef = 459E2E282A48D64000E98F70 /* RenderKitSupport */; };
		459E2E2B2A48DBAD00E98F70 /* Support.swift in Sources */ = {isa = PBXBuildFile; fileRef = 459E2E2A2A48DBAD00E98F70 /* Support.swift */; };
/* End PBXBuildFile section */

/* Begin PBXFileReference section */
		453D32B42A48D06500FCEE29 /* Demos.app */ = {isa = PBXFileReference; explicitFileType = wrapper.application; includeInIndex = 0; path = Demos.app; sourceTree = BUILT_PRODUCTS_DIR; };
		453D32B72A48D06500FCEE29 /* DemosApp.swift */ = {isa = PBXFileReference; lastKnownFileType = sourcecode.swift; path = DemosApp.swift; sourceTree = "<group>"; };
		453D32B92A48D06500FCEE29 /* ContentView.swift */ = {isa = PBXFileReference; lastKnownFileType = sourcecode.swift; path = ContentView.swift; sourceTree = "<group>"; };
		453D32BB2A48D06600FCEE29 /* Assets.xcassets */ = {isa = PBXFileReference; lastKnownFileType = folder.assetcatalog; path = Assets.xcassets; sourceTree = "<group>"; };
		453D32BD2A48D06600FCEE29 /* Demos.entitlements */ = {isa = PBXFileReference; lastKnownFileType = text.plist.entitlements; path = Demos.entitlements; sourceTree = "<group>"; };
		453D32BF2A48D06600FCEE29 /* Preview Assets.xcassets */ = {isa = PBXFileReference; lastKnownFileType = folder.assetcatalog; path = "Preview Assets.xcassets"; sourceTree = "<group>"; };
		455BE1E42A48EE6C007F0776 /* MetalView2.swift */ = {isa = PBXFileReference; lastKnownFileType = sourcecode.swift; path = MetalView2.swift; sourceTree = "<group>"; };
		459E2E1F2A48D12000E98F70 /* RenderKit3 */ = {isa = PBXFileReference; lastKnownFileType = wrapper; name = RenderKit3; path = ..; sourceTree = "<group>"; };
		459E2E2A2A48DBAD00E98F70 /* Support.swift */ = {isa = PBXFileReference; lastKnownFileType = sourcecode.swift; path = Support.swift; sourceTree = "<group>"; };
/* End PBXFileReference section */

/* Begin PBXFrameworksBuildPhase section */
		453D32B12A48D06500FCEE29 /* Frameworks */ = {
			isa = PBXFrameworksBuildPhase;
			buildActionMask = 2147483647;
			files = (
				459E2E262A48D5B900E98F70 /* SIMDSupport in Frameworks */,
				459E2E292A48D64000E98F70 /* RenderKitSupport in Frameworks */,
				459E2E232A48D5A000E98F70 /* MetalSupport in Frameworks */,
				459E2E1E2A48D0D900E98F70 /* Everything in Frameworks */,
			);
			runOnlyForDeploymentPostprocessing = 0;
		};
/* End PBXFrameworksBuildPhase section */

/* Begin PBXGroup section */
		453D32AB2A48D06500FCEE29 = {
			isa = PBXGroup;
			children = (
				459E2E1F2A48D12000E98F70 /* RenderKit3 */,
				453D32B62A48D06500FCEE29 /* Demos */,
				453D32B52A48D06500FCEE29 /* Products */,
				459E2E272A48D64000E98F70 /* Frameworks */,
			);
			sourceTree = "<group>";
		};
		453D32B52A48D06500FCEE29 /* Products */ = {
			isa = PBXGroup;
			children = (
				453D32B42A48D06500FCEE29 /* Demos.app */,
			);
			name = Products;
			sourceTree = "<group>";
		};
		453D32B62A48D06500FCEE29 /* Demos */ = {
			isa = PBXGroup;
			children = (
				453D32B72A48D06500FCEE29 /* DemosApp.swift */,
				453D32B92A48D06500FCEE29 /* ContentView.swift */,
				459E2E2A2A48DBAD00E98F70 /* Support.swift */,
				455BE1E42A48EE6C007F0776 /* MetalView2.swift */,
				453D32BB2A48D06600FCEE29 /* Assets.xcassets */,
				453D32BD2A48D06600FCEE29 /* Demos.entitlements */,
				453D32BE2A48D06600FCEE29 /* Preview Content */,
			);
			path = Demos;
			sourceTree = "<group>";
		};
		453D32BE2A48D06600FCEE29 /* Preview Content */ = {
			isa = PBXGroup;
			children = (
				453D32BF2A48D06600FCEE29 /* Preview Assets.xcassets */,
			);
			path = "Preview Content";
			sourceTree = "<group>";
		};
		459E2E272A48D64000E98F70 /* Frameworks */ = {
			isa = PBXGroup;
			children = (
			);
			name = Frameworks;
			sourceTree = "<group>";
		};
/* End PBXGroup section */

/* Begin PBXNativeTarget section */
		453D32B32A48D06500FCEE29 /* Demos */ = {
			isa = PBXNativeTarget;
			buildConfigurationList = 453D32C32A48D06600FCEE29 /* Build configuration list for PBXNativeTarget "Demos" */;
			buildPhases = (
				453D32B02A48D06500FCEE29 /* Sources */,
				453D32B12A48D06500FCEE29 /* Frameworks */,
				453D32B22A48D06500FCEE29 /* Resources */,
			);
			buildRules = (
			);
			dependencies = (
			);
			name = Demos;
			packageProductDependencies = (
				459E2E1D2A48D0D900E98F70 /* Everything */,
				459E2E222A48D5A000E98F70 /* MetalSupport */,
				459E2E252A48D5B900E98F70 /* SIMDSupport */,
				459E2E282A48D64000E98F70 /* RenderKitSupport */,
			);
			productName = Demos;
			productReference = 453D32B42A48D06500FCEE29 /* Demos.app */;
			productType = "com.apple.product-type.application";
		};
/* End PBXNativeTarget section */

/* Begin PBXProject section */
		453D32AC2A48D06500FCEE29 /* Project object */ = {
			isa = PBXProject;
			attributes = {
				BuildIndependentTargetsInParallel = 1;
				LastSwiftUpdateCheck = 1500;
				LastUpgradeCheck = 1500;
				TargetAttributes = {
					453D32B32A48D06500FCEE29 = {
						CreatedOnToolsVersion = 15.0;
					};
				};
			};
			buildConfigurationList = 453D32AF2A48D06500FCEE29 /* Build configuration list for PBXProject "Demos" */;
			compatibilityVersion = "Xcode 14.0";
			developmentRegion = en;
			hasScannedForEncodings = 0;
			knownRegions = (
				en,
				Base,
			);
			mainGroup = 453D32AB2A48D06500FCEE29;
			packageReferences = (
				459E2E1C2A48D0D900E98F70 /* XCRemoteSwiftPackageReference "Everything" */,
				459E2E202A48D58800E98F70 /* XCRemoteSwiftPackageReference "RenderKit" */,
				459E2E212A48D5A000E98F70 /* XCRemoteSwiftPackageReference "MetalSupport" */,
				459E2E242A48D5B900E98F70 /* XCRemoteSwiftPackageReference "SIMD-Support" */,
			);
			productRefGroup = 453D32B52A48D06500FCEE29 /* Products */;
			projectDirPath = "";
			projectRoot = "";
			targets = (
				453D32B32A48D06500FCEE29 /* Demos */,
			);
		};
/* End PBXProject section */

/* Begin PBXResourcesBuildPhase section */
		453D32B22A48D06500FCEE29 /* Resources */ = {
			isa = PBXResourcesBuildPhase;
			buildActionMask = 2147483647;
			files = (
				453D32C02A48D06600FCEE29 /* Preview Assets.xcassets in Resources */,
				453D32BC2A48D06600FCEE29 /* Assets.xcassets in Resources */,
			);
			runOnlyForDeploymentPostprocessing = 0;
		};
/* End PBXResourcesBuildPhase section */

/* Begin PBXSourcesBuildPhase section */
		453D32B02A48D06500FCEE29 /* Sources */ = {
			isa = PBXSourcesBuildPhase;
			buildActionMask = 2147483647;
			files = (
				455BE1E52A48EE6C007F0776 /* MetalView2.swift in Sources */,
				453D32BA2A48D06500FCEE29 /* ContentView.swift in Sources */,
				453D32B82A48D06500FCEE29 /* DemosApp.swift in Sources */,
				459E2E2B2A48DBAD00E98F70 /* Support.swift in Sources */,
			);
			runOnlyForDeploymentPostprocessing = 0;
		};
/* End PBXSourcesBuildPhase section */

/* Begin XCBuildConfiguration section */
		453D32C12A48D06600FCEE29 /* Debug */ = {
			isa = XCBuildConfiguration;
			buildSettings = {
				ALWAYS_SEARCH_USER_PATHS = NO;
				ASSETCATALOG_COMPILER_GENERATE_SWIFT_ASSET_SYMBOL_EXTENSIONS = YES;
				CLANG_ANALYZER_NONNULL = YES;
				CLANG_ANALYZER_NUMBER_OBJECT_CONVERSION = YES_AGGRESSIVE;
				CLANG_CXX_LANGUAGE_STANDARD = "gnu++20";
				CLANG_ENABLE_MODULES = YES;
				CLANG_ENABLE_OBJC_ARC = YES;
				CLANG_ENABLE_OBJC_WEAK = YES;
				CLANG_WARN_BLOCK_CAPTURE_AUTORELEASING = YES;
				CLANG_WARN_BOOL_CONVERSION = YES;
				CLANG_WARN_COMMA = YES;
				CLANG_WARN_CONSTANT_CONVERSION = YES;
				CLANG_WARN_DEPRECATED_OBJC_IMPLEMENTATIONS = YES;
				CLANG_WARN_DIRECT_OBJC_ISA_USAGE = YES_ERROR;
				CLANG_WARN_DOCUMENTATION_COMMENTS = YES;
				CLANG_WARN_EMPTY_BODY = YES;
				CLANG_WARN_ENUM_CONVERSION = YES;
				CLANG_WARN_INFINITE_RECURSION = YES;
				CLANG_WARN_INT_CONVERSION = YES;
				CLANG_WARN_NON_LITERAL_NULL_CONVERSION = YES;
				CLANG_WARN_OBJC_IMPLICIT_RETAIN_SELF = YES;
				CLANG_WARN_OBJC_LITERAL_CONVERSION = YES;
				CLANG_WARN_OBJC_ROOT_CLASS = YES_ERROR;
				CLANG_WARN_QUOTED_INCLUDE_IN_FRAMEWORK_HEADER = YES;
				CLANG_WARN_RANGE_LOOP_ANALYSIS = YES;
				CLANG_WARN_STRICT_PROTOTYPES = YES;
				CLANG_WARN_SUSPICIOUS_MOVE = YES;
				CLANG_WARN_UNGUARDED_AVAILABILITY = YES_AGGRESSIVE;
				CLANG_WARN_UNREACHABLE_CODE = YES;
				CLANG_WARN__DUPLICATE_METHOD_MATCH = YES;
				COPY_PHASE_STRIP = NO;
				DEBUG_INFORMATION_FORMAT = dwarf;
				ENABLE_STRICT_OBJC_MSGSEND = YES;
				ENABLE_TESTABILITY = YES;
				ENABLE_USER_SCRIPT_SANDBOXING = YES;
				GCC_C_LANGUAGE_STANDARD = gnu17;
				GCC_DYNAMIC_NO_PIC = NO;
				GCC_NO_COMMON_BLOCKS = YES;
				GCC_OPTIMIZATION_LEVEL = 0;
				GCC_PREPROCESSOR_DEFINITIONS = (
					"DEBUG=1",
					"$(inherited)",
				);
				GCC_WARN_64_TO_32_BIT_CONVERSION = YES;
				GCC_WARN_ABOUT_RETURN_TYPE = YES_ERROR;
				GCC_WARN_UNDECLARED_SELECTOR = YES;
				GCC_WARN_UNINITIALIZED_AUTOS = YES_AGGRESSIVE;
				GCC_WARN_UNUSED_FUNCTION = YES;
				GCC_WARN_UNUSED_VARIABLE = YES;
				LOCALIZATION_PREFERS_STRING_CATALOGS = YES;
				MTL_ENABLE_DEBUG_INFO = INCLUDE_SOURCE;
				MTL_FAST_MATH = YES;
				ONLY_ACTIVE_ARCH = YES;
				SWIFT_ACTIVE_COMPILATION_CONDITIONS = "DEBUG $(inherited)";
				SWIFT_OPTIMIZATION_LEVEL = "-Onone";
			};
			name = Debug;
		};
		453D32C22A48D06600FCEE29 /* Release */ = {
			isa = XCBuildConfiguration;
			buildSettings = {
				ALWAYS_SEARCH_USER_PATHS = NO;
				ASSETCATALOG_COMPILER_GENERATE_SWIFT_ASSET_SYMBOL_EXTENSIONS = YES;
				CLANG_ANALYZER_NONNULL = YES;
				CLANG_ANALYZER_NUMBER_OBJECT_CONVERSION = YES_AGGRESSIVE;
				CLANG_CXX_LANGUAGE_STANDARD = "gnu++20";
				CLANG_ENABLE_MODULES = YES;
				CLANG_ENABLE_OBJC_ARC = YES;
				CLANG_ENABLE_OBJC_WEAK = YES;
				CLANG_WARN_BLOCK_CAPTURE_AUTORELEASING = YES;
				CLANG_WARN_BOOL_CONVERSION = YES;
				CLANG_WARN_COMMA = YES;
				CLANG_WARN_CONSTANT_CONVERSION = YES;
				CLANG_WARN_DEPRECATED_OBJC_IMPLEMENTATIONS = YES;
				CLANG_WARN_DIRECT_OBJC_ISA_USAGE = YES_ERROR;
				CLANG_WARN_DOCUMENTATION_COMMENTS = YES;
				CLANG_WARN_EMPTY_BODY = YES;
				CLANG_WARN_ENUM_CONVERSION = YES;
				CLANG_WARN_INFINITE_RECURSION = YES;
				CLANG_WARN_INT_CONVERSION = YES;
				CLANG_WARN_NON_LITERAL_NULL_CONVERSION = YES;
				CLANG_WARN_OBJC_IMPLICIT_RETAIN_SELF = YES;
				CLANG_WARN_OBJC_LITERAL_CONVERSION = YES;
				CLANG_WARN_OBJC_ROOT_CLASS = YES_ERROR;
				CLANG_WARN_QUOTED_INCLUDE_IN_FRAMEWORK_HEADER = YES;
				CLANG_WARN_RANGE_LOOP_ANALYSIS = YES;
				CLANG_WARN_STRICT_PROTOTYPES = YES;
				CLANG_WARN_SUSPICIOUS_MOVE = YES;
				CLANG_WARN_UNGUARDED_AVAILABILITY = YES_AGGRESSIVE;
				CLANG_WARN_UNREACHABLE_CODE = YES;
				CLANG_WARN__DUPLICATE_METHOD_MATCH = YES;
				COPY_PHASE_STRIP = NO;
				DEBUG_INFORMATION_FORMAT = "dwarf-with-dsym";
				ENABLE_NS_ASSERTIONS = NO;
				ENABLE_STRICT_OBJC_MSGSEND = YES;
				ENABLE_USER_SCRIPT_SANDBOXING = YES;
				GCC_C_LANGUAGE_STANDARD = gnu17;
				GCC_NO_COMMON_BLOCKS = YES;
				GCC_WARN_64_TO_32_BIT_CONVERSION = YES;
				GCC_WARN_ABOUT_RETURN_TYPE = YES_ERROR;
				GCC_WARN_UNDECLARED_SELECTOR = YES;
				GCC_WARN_UNINITIALIZED_AUTOS = YES_AGGRESSIVE;
				GCC_WARN_UNUSED_FUNCTION = YES;
				GCC_WARN_UNUSED_VARIABLE = YES;
				LOCALIZATION_PREFERS_STRING_CATALOGS = YES;
				MTL_ENABLE_DEBUG_INFO = NO;
				MTL_FAST_MATH = YES;
				SWIFT_COMPILATION_MODE = wholemodule;
			};
			name = Release;
		};
		453D32C42A48D06600FCEE29 /* Debug */ = {
			isa = XCBuildConfiguration;
			buildSettings = {
				ASSETCATALOG_COMPILER_APPICON_NAME = AppIcon;
				ASSETCATALOG_COMPILER_GLOBAL_ACCENT_COLOR_NAME = AccentColor;
				CODE_SIGN_ENTITLEMENTS = Demos/Demos.entitlements;
				CODE_SIGN_STYLE = Automatic;
				CURRENT_PROJECT_VERSION = 1;
				DEVELOPMENT_ASSET_PATHS = "\"Demos/Preview Content\"";
				DEVELOPMENT_TEAM = 6E23EP94PG;
				ENABLE_HARDENED_RUNTIME = YES;
				ENABLE_PREVIEWS = YES;
				GENERATE_INFOPLIST_FILE = YES;
				"INFOPLIST_KEY_UIApplicationSceneManifest_Generation[sdk=iphoneos*]" = YES;
				"INFOPLIST_KEY_UIApplicationSceneManifest_Generation[sdk=iphonesimulator*]" = YES;
				"INFOPLIST_KEY_UIApplicationSupportsIndirectInputEvents[sdk=iphoneos*]" = YES;
				"INFOPLIST_KEY_UIApplicationSupportsIndirectInputEvents[sdk=iphonesimulator*]" = YES;
				"INFOPLIST_KEY_UILaunchScreen_Generation[sdk=iphoneos*]" = YES;
				"INFOPLIST_KEY_UILaunchScreen_Generation[sdk=iphonesimulator*]" = YES;
				"INFOPLIST_KEY_UIStatusBarStyle[sdk=iphoneos*]" = UIStatusBarStyleDefault;
				"INFOPLIST_KEY_UIStatusBarStyle[sdk=iphonesimulator*]" = UIStatusBarStyleDefault;
				INFOPLIST_KEY_UISupportedInterfaceOrientations_iPad = "UIInterfaceOrientationPortrait UIInterfaceOrientationPortraitUpsideDown UIInterfaceOrientationLandscapeLeft UIInterfaceOrientationLandscapeRight";
				INFOPLIST_KEY_UISupportedInterfaceOrientations_iPhone = "UIInterfaceOrientationPortrait UIInterfaceOrientationLandscapeLeft UIInterfaceOrientationLandscapeRight";
				IPHONEOS_DEPLOYMENT_TARGET = 17.0;
				LD_RUNPATH_SEARCH_PATHS = "@executable_path/Frameworks";
				"LD_RUNPATH_SEARCH_PATHS[sdk=macosx*]" = "@executable_path/../Frameworks";
				MACOSX_DEPLOYMENT_TARGET = 14.0;
				MARKETING_VERSION = 1.0;
				PRODUCT_BUNDLE_IDENTIFIER = io.schwa.Demos;
				PRODUCT_NAME = "$(TARGET_NAME)";
				SDKROOT = auto;
				SUPPORTED_PLATFORMS = "iphoneos iphonesimulator macosx";
				SWIFT_EMIT_LOC_STRINGS = YES;
				SWIFT_VERSION = 5.0;
				TARGETED_DEVICE_FAMILY = "1,2";
			};
			name = Debug;
		};
		453D32C52A48D06600FCEE29 /* Release */ = {
			isa = XCBuildConfiguration;
			buildSettings = {
				ASSETCATALOG_COMPILER_APPICON_NAME = AppIcon;
				ASSETCATALOG_COMPILER_GLOBAL_ACCENT_COLOR_NAME = AccentColor;
				CODE_SIGN_ENTITLEMENTS = Demos/Demos.entitlements;
				CODE_SIGN_STYLE = Automatic;
				CURRENT_PROJECT_VERSION = 1;
				DEVELOPMENT_ASSET_PATHS = "\"Demos/Preview Content\"";
				DEVELOPMENT_TEAM = 6E23EP94PG;
				ENABLE_HARDENED_RUNTIME = YES;
				ENABLE_PREVIEWS = YES;
				GENERATE_INFOPLIST_FILE = YES;
				"INFOPLIST_KEY_UIApplicationSceneManifest_Generation[sdk=iphoneos*]" = YES;
				"INFOPLIST_KEY_UIApplicationSceneManifest_Generation[sdk=iphonesimulator*]" = YES;
				"INFOPLIST_KEY_UIApplicationSupportsIndirectInputEvents[sdk=iphoneos*]" = YES;
				"INFOPLIST_KEY_UIApplicationSupportsIndirectInputEvents[sdk=iphonesimulator*]" = YES;
				"INFOPLIST_KEY_UILaunchScreen_Generation[sdk=iphoneos*]" = YES;
				"INFOPLIST_KEY_UILaunchScreen_Generation[sdk=iphonesimulator*]" = YES;
				"INFOPLIST_KEY_UIStatusBarStyle[sdk=iphoneos*]" = UIStatusBarStyleDefault;
				"INFOPLIST_KEY_UIStatusBarStyle[sdk=iphonesimulator*]" = UIStatusBarStyleDefault;
				INFOPLIST_KEY_UISupportedInterfaceOrientations_iPad = "UIInterfaceOrientationPortrait UIInterfaceOrientationPortraitUpsideDown UIInterfaceOrientationLandscapeLeft UIInterfaceOrientationLandscapeRight";
				INFOPLIST_KEY_UISupportedInterfaceOrientations_iPhone = "UIInterfaceOrientationPortrait UIInterfaceOrientationLandscapeLeft UIInterfaceOrientationLandscapeRight";
				IPHONEOS_DEPLOYMENT_TARGET = 17.0;
				LD_RUNPATH_SEARCH_PATHS = "@executable_path/Frameworks";
				"LD_RUNPATH_SEARCH_PATHS[sdk=macosx*]" = "@executable_path/../Frameworks";
				MACOSX_DEPLOYMENT_TARGET = 14.0;
				MARKETING_VERSION = 1.0;
				PRODUCT_BUNDLE_IDENTIFIER = io.schwa.Demos;
				PRODUCT_NAME = "$(TARGET_NAME)";
				SDKROOT = auto;
				SUPPORTED_PLATFORMS = "iphoneos iphonesimulator macosx";
				SWIFT_EMIT_LOC_STRINGS = YES;
				SWIFT_VERSION = 5.0;
				TARGETED_DEVICE_FAMILY = "1,2";
			};
			name = Release;
		};
/* End XCBuildConfiguration section */

/* Begin XCConfigurationList section */
		453D32AF2A48D06500FCEE29 /* Build configuration list for PBXProject "Demos" */ = {
			isa = XCConfigurationList;
			buildConfigurations = (
				453D32C12A48D06600FCEE29 /* Debug */,
				453D32C22A48D06600FCEE29 /* Release */,
			);
			defaultConfigurationIsVisible = 0;
			defaultConfigurationName = Release;
		};
		453D32C32A48D06600FCEE29 /* Build configuration list for PBXNativeTarget "Demos" */ = {
			isa = XCConfigurationList;
			buildConfigurations = (
				453D32C42A48D06600FCEE29 /* Debug */,
				453D32C52A48D06600FCEE29 /* Release */,
			);
			defaultConfigurationIsVisible = 0;
			defaultConfigurationName = Release;
		};
/* End XCConfigurationList section */

/* Begin XCRemoteSwiftPackageReference section */
		459E2E1C2A48D0D900E98F70 /* XCRemoteSwiftPackageReference "Everything" */ = {
			isa = XCRemoteSwiftPackageReference;
			repositoryURL = "https://github.com/schwa/Everything";
			requirement = {
				kind = upToNextMajorVersion;
				minimumVersion = 0.1.2;
			};
		};
		459E2E202A48D58800E98F70 /* XCRemoteSwiftPackageReference "RenderKit" */ = {
			isa = XCRemoteSwiftPackageReference;
			repositoryURL = "https://github.com/schwa/RenderKit";
			requirement = {
				branch = main;
				kind = branch;
			};
		};
		459E2E212A48D5A000E98F70 /* XCRemoteSwiftPackageReference "MetalSupport" */ = {
			isa = XCRemoteSwiftPackageReference;
			repositoryURL = "https://github.com/schwa/MetalSupport";
			requirement = {
				kind = upToNextMajorVersion;
				minimumVersion = 0.1.0;
			};
		};
		459E2E242A48D5B900E98F70 /* XCRemoteSwiftPackageReference "SIMD-Support" */ = {
			isa = XCRemoteSwiftPackageReference;
			repositoryURL = "https://github.com/schwa/SIMD-Support";
			requirement = {
				kind = upToNextMajorVersion;
				minimumVersion = 0.1.1;
			};
		};
/* End XCRemoteSwiftPackageReference section */

/* Begin XCSwiftPackageProductDependency section */
		459E2E1D2A48D0D900E98F70 /* Everything */ = {
			isa = XCSwiftPackageProductDependency;
			package = 459E2E1C2A48D0D900E98F70 /* XCRemoteSwiftPackageReference "Everything" */;
			productName = Everything;
		};
		459E2E222A48D5A000E98F70 /* MetalSupport */ = {
			isa = XCSwiftPackageProductDependency;
			package = 459E2E212A48D5A000E98F70 /* XCRemoteSwiftPackageReference "MetalSupport" */;
			productName = MetalSupport;
		};
		459E2E252A48D5B900E98F70 /* SIMDSupport */ = {
			isa = XCSwiftPackageProductDependency;
			package = 459E2E242A48D5B900E98F70 /* XCRemoteSwiftPackageReference "SIMD-Support" */;
			productName = SIMDSupport;
		};
		459E2E282A48D64000E98F70 /* RenderKitSupport */ = {
			isa = XCSwiftPackageProductDependency;
			package = 459E2E202A48D58800E98F70 /* XCRemoteSwiftPackageReference "RenderKit" */;
			productName = RenderKitSupport;
		};
/* End XCSwiftPackageProductDependency section */
	};
	rootObject = 453D32AC2A48D06500FCEE29 /* Project object */;
}
