{
  "pins" : [
    {
      "identity" : "coregraphicsgeometrysupport",
      "kind" : "remoteSourceControl",
      "location" : "https://github.com/schwa/CoreGraphicsGeometrySupport",
      "state" : {
        "revision" : "8032fa40acffc8791aa85f0ae347ae4feb197dd2",
        "version" : "0.0.2"
      }
    },
    {
      "identity" : "everything",
      "kind" : "remoteSourceControl",
      "location" : "https://github.com/schwa/Everything.git",
      "state" : {
        "branch" : "main",
        "revision" : "0a562a585ea02b802a01d5a7583cde5a31bc4f2d"
      }
    },
    {
      "identity" : "metalsupport",
      "kind" : "remoteSourceControl",
      "location" : "https://github.com/schwa/MetalSupport",
      "state" : {
        "branch" : "main",
        "revision" : "9bd0e27ace5fcc6928ecfc0903d142954030f508"
      }
    },
    {
      "identity" : "simd-support",
      "kind" : "remoteSourceControl",
      "location" : "https://github.com/schwa/SIMD-Support",
      "state" : {
        "branch" : "main",
        "revision" : "c041a5b7086252a06ff8cf11158e289d5a3b62b4"
      }
    },
    {
      "identity" : "swift-algorithms",
      "kind" : "remoteSourceControl",
      "location" : "https://github.com/apple/swift-algorithms",
      "state" : {
        "revision" : "b14b7f4c528c942f121c8b860b9410b2bf57825e",
        "version" : "1.0.0"
      }
    },
    {
      "identity" : "swift-collections",
      "kind" : "remoteSourceControl",
      "location" : "https://github.com/apple/swift-collections.git",
      "state" : {
        "revision" : "937e904258d22af6e447a0b72c0bc67583ef64a2",
        "version" : "1.0.4"
      }
    },
    {
      "identity" : "swift-numerics",
      "kind" : "remoteSourceControl",
      "location" : "https://github.com/apple/swift-numerics",
      "state" : {
        "revision" : "0a5bc04095a675662cf24757cc0640aa2204253b",
        "version" : "1.0.2"
      }
    },
    {
      "identity" : "swiftgltf",
      "kind" : "remoteSourceControl",
      "location" : "https://github.com/schwa/SwiftGLTF",
      "state" : {
        "branch" : "main",
        "revision" : "3cbe26d419a0ce0f80c3ddd88c8a9bb8d3477059"
      }
    },
    {
      "identity" : "swiftnodeeditor",
      "kind" : "remoteSourceControl",
      "location" : "https://github.com/schwa/SwiftNodeEditor",
      "state" : {
        "branch" : "main",
        "revision" : "b656ed1d8580aabbe375a50730fa14cb2c7fcd04"
      }
    }
  ],
  "version" : 2
}
