// !$*UTF8*$!
{
	archiveVersion = 1;
	classes = {
	};
	objectVersion = 55;
	objects = {

/* Begin PBXBuildFile section */
		451D60A9277E8672008F44C0 /* Assets.xcassets in Resources */ = {isa = PBXBuildFile; fileRef = 451D6096277E8672008F44C0 /* Assets.xcassets */; };
		45582CE428DFBC42005F4A80 /* SwiftGLTF in Frameworks */ = {isa = PBXBuildFile; productRef = 45582CE328DFBC42005F4A80 /* SwiftGLTF */; };
		455A9B8F2A43DF8600A8AB36 /* VisionOSDemoApp.swift in Sources */ = {isa = PBXBuildFile; fileRef = 455A9B8E2A43DF8600A8AB36 /* VisionOSDemoApp.swift */; };
		455A9B972A43DF8700A8AB36 /* Assets.xcassets in Resources */ = {isa = PBXBuildFile; fileRef = 455A9B962A43DF8700A8AB36 /* Assets.xcassets */; };
		455A9BA12A43E19300A8AB36 /* monu10.vox in Resources */ = {isa = PBXBuildFile; fileRef = 4599A90D28FCEBB800329B34 /* monu10.vox */; };
		455A9BA22A43E19300A8AB36 /* Teapot.mtl in Resources */ = {isa = PBXBuildFile; fileRef = 4599A8FA28FCEBB800329B34 /* Teapot.mtl */; };
		455A9BA32A43E19300A8AB36 /* monu5.vox in Resources */ = {isa = PBXBuildFile; fileRef = 4599A90428FCEBB800329B34 /* monu5.vox */; };
		455A9BA42A43E19300A8AB36 /* 2x2x2.vox in Resources */ = {isa = PBXBuildFile; fileRef = 4599A90B28FCEBB800329B34 /* 2x2x2.vox */; };
		455A9BA52A43E19300A8AB36 /* SpriteSheet.swift in Sources */ = {isa = PBXBuildFile; fileRef = 456CB38B28FCD40D000E4319 /* SpriteSheet.swift */; };
		455A9BA62A43E19300A8AB36 /* DetailView.swift in Sources */ = {isa = PBXBuildFile; fileRef = 456CB37828FCD40D000E4319 /* DetailView.swift */; };
		455A9BA72A43E19300A8AB36 /* monu9.vox in Resources */ = {isa = PBXBuildFile; fileRef = 4599A91328FCEBB800329B34 /* monu9.vox */; };
		455A9BA82A43E19300A8AB36 /* monu16.vox in Resources */ = {isa = PBXBuildFile; fileRef = 4599A90A28FCEBB800329B34 /* monu16.vox */; };
		455A9BA92A43E19300A8AB36 /* RenderModel.swift in Sources */ = {isa = PBXBuildFile; fileRef = 45EF7B9228FCD62D00B7FB16 /* RenderModel.swift */; };
		455A9BAA2A43E19300A8AB36 /* gap.vox in Resources */ = {isa = PBXBuildFile; fileRef = 4599A90E28FCEBB800329B34 /* gap.vox */; };
		455A9BAB2A43E19300A8AB36 /* Viewers.swift in Sources */ = {isa = PBXBuildFile; fileRef = 456CB37E28FCD40D000E4319 /* Viewers.swift */; };
		455A9BAC2A43E19300A8AB36 /* 1x2x3.vox in Resources */ = {isa = PBXBuildFile; fileRef = 4599A90328FCEBB800329B34 /* 1x2x3.vox */; };
		455A9BAD2A43E19300A8AB36 /* ConsoleLogView.swift in Sources */ = {isa = PBXBuildFile; fileRef = 456CB37F28FCD40D000E4319 /* ConsoleLogView.swift */; };
		455A9BAE2A43E19300A8AB36 /* Monkey.ply in Resources */ = {isa = PBXBuildFile; fileRef = 4599A8FC28FCEBB800329B34 /* Monkey.ply */; };
		455A9BAF2A43E19300A8AB36 /* Sprites.json in Resources */ = {isa = PBXBuildFile; fileRef = 456CB38628FCD40D000E4319 /* Sprites.json */; };
		455A9BB02A43E19300A8AB36 /* GLTFLoaderView.swift in Sources */ = {isa = PBXBuildFile; fileRef = 456CB37C28FCD40D000E4319 /* GLTFLoaderView.swift */; };
		455A9BB12A43E19300A8AB36 /* monu3.vox in Resources */ = {isa = PBXBuildFile; fileRef = 4599A90928FCEBB800329B34 /* monu3.vox */; };
		455A9BB22A43E19300A8AB36 /* ShaderEditor.swift in Sources */ = {isa = PBXBuildFile; fileRef = 456CB38728FCD40D000E4319 /* ShaderEditor.swift */; };
		455A9BB32A43E19300A8AB36 /* monu1.vox in Resources */ = {isa = PBXBuildFile; fileRef = 4599A90528FCEBB800329B34 /* monu1.vox */; };
		455A9BB42A43E19300A8AB36 /* monu6.vox in Resources */ = {isa = PBXBuildFile; fileRef = 4599A90128FCEBB800329B34 /* monu6.vox */; };
		455A9BB62A43E19300A8AB36 /* Assets.xcassets in Resources */ = {isa = PBXBuildFile; fileRef = 451D6096277E8672008F44C0 /* Assets.xcassets */; };
		455A9BB72A43E19300A8AB36 /* 2x2.vox in Resources */ = {isa = PBXBuildFile; fileRef = 4599A91028FCEBB800329B34 /* 2x2.vox */; };
		455A9BB82A43E19300A8AB36 /* teapot.obj in Resources */ = {isa = PBXBuildFile; fileRef = 4599A8FB28FCEBB800329B34 /* teapot.obj */; };
		455A9BB92A43E19300A8AB36 /* MainView.swift in Sources */ = {isa = PBXBuildFile; fileRef = 456CB38928FCD40D000E4319 /* MainView.swift */; };
		455A9BBA2A43E19300A8AB36 /* ShaderEditorSample.txt in Resources */ = {isa = PBXBuildFile; fileRef = 456CB38828FCD40D000E4319 /* ShaderEditorSample.txt */; };
		455A9BBB2A43E19300A8AB36 /* monu8.vox in Resources */ = {isa = PBXBuildFile; fileRef = 4599A91228FCEBB800329B34 /* monu8.vox */; };
		455A9BBD2A43E19300A8AB36 /* Teapot.ply in Resources */ = {isa = PBXBuildFile; fileRef = 4599A8FD28FCEBB800329B34 /* Teapot.ply */; };
		455A9BBE2A43E19300A8AB36 /* Media.xcassets in Resources */ = {isa = PBXBuildFile; fileRef = 4599A8F728FCEBB800329B34 /* Media.xcassets */; };
		455A9BBF2A43E19300A8AB36 /* DemosView.swift in Sources */ = {isa = PBXBuildFile; fileRef = 456CB38A28FCD40D000E4319 /* DemosView.swift */; };
		455A9BC02A43E19300A8AB36 /* VoronoiNoiseComputeView.swift in Sources */ = {isa = PBXBuildFile; fileRef = 456CB38328FCD40D000E4319 /* VoronoiNoiseComputeView.swift */; };
		455A9BC12A43E19300A8AB36 /* EditorViews.swift in Sources */ = {isa = PBXBuildFile; fileRef = 456CB38428FCD40D000E4319 /* EditorViews.swift */; };
		455A9BC22A43E19300A8AB36 /* monu8-without-water.vox in Resources */ = {isa = PBXBuildFile; fileRef = 4599A90028FCEBB800329B34 /* monu8-without-water.vox */; };
		455A9BC32A43E19300A8AB36 /* 1x1x2.vox in Resources */ = {isa = PBXBuildFile; fileRef = 4599A90C28FCEBB800329B34 /* 1x1x2.vox */; };
		455A9BC42A43E19300A8AB36 /* ObjectLog.swift in Sources */ = {isa = PBXBuildFile; fileRef = 456CB38228FCD40D000E4319 /* ObjectLog.swift */; };
		455A9BC52A43E19300A8AB36 /* NumberFieldView.swift in Sources */ = {isa = PBXBuildFile; fileRef = 456CB37A28FCD40D000E4319 /* NumberFieldView.swift */; };
		455A9BC62A43E19300A8AB36 /* Cube.ply in Resources */ = {isa = PBXBuildFile; fileRef = 4599A8F828FCEBB800329B34 /* Cube.ply */; };
		455A9BC72A43E19300A8AB36 /* 1x1.vox in Resources */ = {isa = PBXBuildFile; fileRef = 4599A91428FCEBB800329B34 /* 1x1.vox */; };
		455A9BC82A43E19300A8AB36 /* monu4.vox in Resources */ = {isa = PBXBuildFile; fileRef = 4599A90228FCEBB800329B34 /* monu4.vox */; };
		455A9BC92A43E19300A8AB36 /* monu6-without-water.vox in Resources */ = {isa = PBXBuildFile; fileRef = 4599A90F28FCEBB800329B34 /* monu6-without-water.vox */; };
		455A9BCA2A43E19300A8AB36 /* monu2.vox in Resources */ = {isa = PBXBuildFile; fileRef = 4599A90828FCEBB800329B34 /* monu2.vox */; };
		455A9BCC2A43E19300A8AB36 /* monu7.vox in Resources */ = {isa = PBXBuildFile; fileRef = 4599A8FF28FCEBB800329B34 /* monu7.vox */; };
		455A9BCD2A43E19300A8AB36 /* MetalInfoView.swift in Sources */ = {isa = PBXBuildFile; fileRef = 456CB38128FCD40D000E4319 /* MetalInfoView.swift */; };
		455A9BCF2A43E19300A8AB36 /* 3x1x1.vox in Resources */ = {isa = PBXBuildFile; fileRef = 4599A90628FCEBB800329B34 /* 3x1x1.vox */; };
		455A9BD02A43E19300A8AB36 /* 2x1.vox in Resources */ = {isa = PBXBuildFile; fileRef = 4599A91128FCEBB800329B34 /* 2x1.vox */; };
		455A9BD12A43E19300A8AB36 /* monu0.vox in Resources */ = {isa = PBXBuildFile; fileRef = 4599A90728FCEBB800329B34 /* monu0.vox */; };
		455A9BD22A43E19300A8AB36 /* Sprites.png in Resources */ = {isa = PBXBuildFile; fileRef = 456CB38C28FCD40D000E4319 /* Sprites.png */; };
		455A9BD32A43E19300A8AB36 /* MapView.swift in Sources */ = {isa = PBXBuildFile; fileRef = 456CB37B28FCD40D000E4319 /* MapView.swift */; };
		455A9BD42A43E19300A8AB36 /* SceneGraph.yaml in Resources */ = {isa = PBXBuildFile; fileRef = 4599A8F928FCEBB800329B34 /* SceneGraph.yaml */; };
		455A9BD72A43E1DE00A8AB36 /* RenderKit in Frameworks */ = {isa = PBXBuildFile; productRef = 455A9BD62A43E1DE00A8AB36 /* RenderKit */; };
		455A9BD92A43E1DE00A8AB36 /* Everything in Frameworks */ = {isa = PBXBuildFile; productRef = 455A9BD82A43E1DE00A8AB36 /* Everything */; };
		455A9BDA2A43E1E900A8AB36 /* App.swift in Sources */ = {isa = PBXBuildFile; fileRef = 451D6094277E8671008F44C0 /* App.swift */; };
		45666E5A2A44370500566AB6 /* RenderKitSceneGraph in Frameworks */ = {isa = PBXBuildFile; productRef = 45666E592A44370500566AB6 /* RenderKitSceneGraph */; };
		456CB37628FCC910000E4319 /* RenderKit in Frameworks */ = {isa = PBXBuildFile; productRef = 456CB37528FCC910000E4319 /* RenderKit */; };
		45723D9428FCBC12005E4A04 /* SwiftNodeEditor in Frameworks */ = {isa = PBXBuildFile; productRef = 45723D9328FCBC12005E4A04 /* SwiftNodeEditor */; };
		45723D9628FCBC75005E4A04 /* SwiftNodeEditorDemo in Frameworks */ = {isa = PBXBuildFile; productRef = 45723D9528FCBC75005E4A04 /* SwiftNodeEditorDemo */; };
		4594E4D127D8652A00DF1F8D /* SIMDSupport in Frameworks */ = {isa = PBXBuildFile; productRef = 4594E4D027D8652A00DF1F8D /* SIMDSupport */; };
		4599A91528FCEBBF00329B34 /* Teapot.ply in Resources */ = {isa = PBXBuildFile; fileRef = 4599A8FD28FCEBB800329B34 /* Teapot.ply */; };
		4599A91628FCEBBF00329B34 /* Media.xcassets in Resources */ = {isa = PBXBuildFile; fileRef = 4599A8F728FCEBB800329B34 /* Media.xcassets */; };
		4599A91728FCEBBF00329B34 /* SceneGraph.yaml in Resources */ = {isa = PBXBuildFile; fileRef = 4599A8F928FCEBB800329B34 /* SceneGraph.yaml */; };
		4599A91828FCEBBF00329B34 /* Cube.ply in Resources */ = {isa = PBXBuildFile; fileRef = 4599A8F828FCEBB800329B34 /* Cube.ply */; };
		4599A91928FCEBBF00329B34 /* teapot.obj in Resources */ = {isa = PBXBuildFile; fileRef = 4599A8FB28FCEBB800329B34 /* teapot.obj */; };
		4599A91A28FCEBBF00329B34 /* Teapot.mtl in Resources */ = {isa = PBXBuildFile; fileRef = 4599A8FA28FCEBB800329B34 /* Teapot.mtl */; };
		4599A91B28FCEBBF00329B34 /* Monkey.ply in Resources */ = {isa = PBXBuildFile; fileRef = 4599A8FC28FCEBB800329B34 /* Monkey.ply */; };
		4599A91C28FCEBC700329B34 /* monu16.vox in Resources */ = {isa = PBXBuildFile; fileRef = 4599A90A28FCEBB800329B34 /* monu16.vox */; };
		4599A91D28FCEBC700329B34 /* monu10.vox in Resources */ = {isa = PBXBuildFile; fileRef = 4599A90D28FCEBB800329B34 /* monu10.vox */; };
		4599A91E28FCEBC700329B34 /* monu8-without-water.vox in Resources */ = {isa = PBXBuildFile; fileRef = 4599A90028FCEBB800329B34 /* monu8-without-water.vox */; };
		4599A91F28FCEBC700329B34 /* monu6-without-water.vox in Resources */ = {isa = PBXBuildFile; fileRef = 4599A90F28FCEBB800329B34 /* monu6-without-water.vox */; };
		4599A92028FCEBC700329B34 /* monu8.vox in Resources */ = {isa = PBXBuildFile; fileRef = 4599A91228FCEBB800329B34 /* monu8.vox */; };
		4599A92128FCEBC700329B34 /* monu1.vox in Resources */ = {isa = PBXBuildFile; fileRef = 4599A90528FCEBB800329B34 /* monu1.vox */; };
		4599A92228FCEBC700329B34 /* monu6.vox in Resources */ = {isa = PBXBuildFile; fileRef = 4599A90128FCEBB800329B34 /* monu6.vox */; };
		4599A92328FCEBC700329B34 /* 2x2x2.vox in Resources */ = {isa = PBXBuildFile; fileRef = 4599A90B28FCEBB800329B34 /* 2x2x2.vox */; };
		4599A92428FCEBC700329B34 /* monu3.vox in Resources */ = {isa = PBXBuildFile; fileRef = 4599A90928FCEBB800329B34 /* monu3.vox */; };
		4599A92528FCEBC700329B34 /* 2x2.vox in Resources */ = {isa = PBXBuildFile; fileRef = 4599A91028FCEBB800329B34 /* 2x2.vox */; };
		4599A92628FCEBC700329B34 /* 1x1x2.vox in Resources */ = {isa = PBXBuildFile; fileRef = 4599A90C28FCEBB800329B34 /* 1x1x2.vox */; };
		4599A92728FCEBC700329B34 /* gap.vox in Resources */ = {isa = PBXBuildFile; fileRef = 4599A90E28FCEBB800329B34 /* gap.vox */; };
		4599A92828FCEBC700329B34 /* 3x1x1.vox in Resources */ = {isa = PBXBuildFile; fileRef = 4599A90628FCEBB800329B34 /* 3x1x1.vox */; };
		4599A92928FCEBC700329B34 /* 2x1.vox in Resources */ = {isa = PBXBuildFile; fileRef = 4599A91128FCEBB800329B34 /* 2x1.vox */; };
		4599A92A28FCEBC700329B34 /* 1x1.vox in Resources */ = {isa = PBXBuildFile; fileRef = 4599A91428FCEBB800329B34 /* 1x1.vox */; };
		4599A92B28FCEBC700329B34 /* monu7.vox in Resources */ = {isa = PBXBuildFile; fileRef = 4599A8FF28FCEBB800329B34 /* monu7.vox */; };
		4599A92C28FCEBC700329B34 /* monu9.vox in Resources */ = {isa = PBXBuildFile; fileRef = 4599A91328FCEBB800329B34 /* monu9.vox */; };
		4599A92D28FCEBC700329B34 /* monu2.vox in Resources */ = {isa = PBXBuildFile; fileRef = 4599A90828FCEBB800329B34 /* monu2.vox */; };
		4599A92E28FCEBC700329B34 /* monu4.vox in Resources */ = {isa = PBXBuildFile; fileRef = 4599A90228FCEBB800329B34 /* monu4.vox */; };
		4599A92F28FCEBC700329B34 /* monu5.vox in Resources */ = {isa = PBXBuildFile; fileRef = 4599A90428FCEBB800329B34 /* monu5.vox */; };
		4599A93028FCEBC700329B34 /* monu0.vox in Resources */ = {isa = PBXBuildFile; fileRef = 4599A90728FCEBB800329B34 /* monu0.vox */; };
		4599A93128FCEBC700329B34 /* 1x2x3.vox in Resources */ = {isa = PBXBuildFile; fileRef = 4599A90328FCEBB800329B34 /* 1x2x3.vox */; };
		45A1F4F4285A94DD00AD095B /* GameController.framework in Frameworks */ = {isa = PBXBuildFile; fileRef = 45A1F4F3285A94DD00AD095B /* GameController.framework */; };
		45A1F4F7285A952A00AD095B /* MapKit.framework in Frameworks */ = {isa = PBXBuildFile; fileRef = 45A1F4F6285A952A00AD095B /* MapKit.framework */; };
		45EF7B8A28FCD61000B7FB16 /* DemosView.swift in Sources */ = {isa = PBXBuildFile; fileRef = 456CB38A28FCD40D000E4319 /* DemosView.swift */; };
		45EF7B8C28FCD61600B7FB16 /* ShaderEditorSample.txt in Resources */ = {isa = PBXBuildFile; fileRef = 456CB38828FCD40D000E4319 /* ShaderEditorSample.txt */; };
		45EF7B8D28FCD61600B7FB16 /* SpriteSheet.swift in Sources */ = {isa = PBXBuildFile; fileRef = 456CB38B28FCD40D000E4319 /* SpriteSheet.swift */; };
		45EF7B8E28FCD61600B7FB16 /* Sprites.json in Resources */ = {isa = PBXBuildFile; fileRef = 456CB38628FCD40D000E4319 /* Sprites.json */; };
		45EF7B8F28FCD61600B7FB16 /* MainView.swift in Sources */ = {isa = PBXBuildFile; fileRef = 456CB38928FCD40D000E4319 /* MainView.swift */; };
		45EF7B9028FCD61600B7FB16 /* Sprites.png in Resources */ = {isa = PBXBuildFile; fileRef = 456CB38C28FCD40D000E4319 /* Sprites.png */; };
		45EF7B9328FCD62D00B7FB16 /* RenderModel.swift in Sources */ = {isa = PBXBuildFile; fileRef = 45EF7B9228FCD62D00B7FB16 /* RenderModel.swift */; };
		45EF7B9628FCD66200B7FB16 /* VoronoiNoiseComputeView.swift in Sources */ = {isa = PBXBuildFile; fileRef = 456CB38328FCD40D000E4319 /* VoronoiNoiseComputeView.swift */; };
		45EF7B9728FCD66200B7FB16 /* MetalInfoView.swift in Sources */ = {isa = PBXBuildFile; fileRef = 456CB38128FCD40D000E4319 /* MetalInfoView.swift */; };
		45EF7B9828FCD66200B7FB16 /* DetailView.swift in Sources */ = {isa = PBXBuildFile; fileRef = 456CB37828FCD40D000E4319 /* DetailView.swift */; };
		45EF7B9928FCD66200B7FB16 /* MapView.swift in Sources */ = {isa = PBXBuildFile; fileRef = 456CB37B28FCD40D000E4319 /* MapView.swift */; };
		45EF7B9B28FCD66200B7FB16 /* NumberFieldView.swift in Sources */ = {isa = PBXBuildFile; fileRef = 456CB37A28FCD40D000E4319 /* NumberFieldView.swift */; };
		45EF7B9C28FCD66200B7FB16 /* GLTFLoaderView.swift in Sources */ = {isa = PBXBuildFile; fileRef = 456CB37C28FCD40D000E4319 /* GLTFLoaderView.swift */; };
		45EF7B9D28FCD66200B7FB16 /* EditorViews.swift in Sources */ = {isa = PBXBuildFile; fileRef = 456CB38428FCD40D000E4319 /* EditorViews.swift */; };
		45EF7B9E28FCD66200B7FB16 /* ObjectLog.swift in Sources */ = {isa = PBXBuildFile; fileRef = 456CB38228FCD40D000E4319 /* ObjectLog.swift */; };
		45EF7B9F28FCD66200B7FB16 /* Viewers.swift in Sources */ = {isa = PBXBuildFile; fileRef = 456CB37E28FCD40D000E4319 /* Viewers.swift */; };
		45EF7BA028FCD66200B7FB16 /* ConsoleLogView.swift in Sources */ = {isa = PBXBuildFile; fileRef = 456CB37F28FCD40D000E4319 /* ConsoleLogView.swift */; };
		45EF7BA128FCD7DE00B7FB16 /* ShaderEditor.swift in Sources */ = {isa = PBXBuildFile; fileRef = 456CB38728FCD40D000E4319 /* ShaderEditor.swift */; };
		45FF370027D8479F004D8BC2 /* Everything in Frameworks */ = {isa = PBXBuildFile; productRef = 45FF36FF27D8479F004D8BC2 /* Everything */; };
/* End PBXBuildFile section */

/* Begin PBXFileReference section */
		451D6094277E8671008F44C0 /* App.swift */ = {isa = PBXFileReference; lastKnownFileType = sourcecode.swift; path = App.swift; sourceTree = "<group>"; };
		451D6096277E8672008F44C0 /* Assets.xcassets */ = {isa = PBXFileReference; lastKnownFileType = folder.assetcatalog; path = Assets.xcassets; sourceTree = "<group>"; };
		451D60A1277E8672008F44C0 /* RenderKitDemo.app */ = {isa = PBXFileReference; explicitFileType = wrapper.application; includeInIndex = 0; path = RenderKitDemo.app; sourceTree = BUILT_PRODUCTS_DIR; };
		452D1627278D3F57002A47E2 /* Project-Release.xcconfig */ = {isa = PBXFileReference; lastKnownFileType = text.xcconfig; path = "Project-Release.xcconfig"; sourceTree = "<group>"; };
		452D1629278D3F57002A47E2 /* Project-Shared.xcconfig */ = {isa = PBXFileReference; lastKnownFileType = text.xcconfig; path = "Project-Shared.xcconfig"; sourceTree = "<group>"; };
		452D162A278D3F57002A47E2 /* RenderGraphKitDemo-Release.xcconfig */ = {isa = PBXFileReference; lastKnownFileType = text.xcconfig; path = "RenderGraphKitDemo-Release.xcconfig"; sourceTree = "<group>"; };
		452D162B278D3F57002A47E2 /* Project-Debug.xcconfig */ = {isa = PBXFileReference; lastKnownFileType = text.xcconfig; path = "Project-Debug.xcconfig"; sourceTree = "<group>"; };
		452D162C278D3F57002A47E2 /* RenderGraphKitDemo-Debug.xcconfig */ = {isa = PBXFileReference; lastKnownFileType = text.xcconfig; path = "RenderGraphKitDemo-Debug.xcconfig"; sourceTree = "<group>"; };
		452D162D278D3F57002A47E2 /* RenderGraphKitDemo-Shared.xcconfig */ = {isa = PBXFileReference; lastKnownFileType = text.xcconfig; path = "RenderGraphKitDemo-Shared.xcconfig"; sourceTree = "<group>"; };
		453E8CC427B9BF14006A9565 /* .gitkeep */ = {isa = PBXFileReference; lastKnownFileType = text; path = .gitkeep; sourceTree = "<group>"; };
		453E8CC527B9BF14006A9565 /* pre-commit */ = {isa = PBXFileReference; lastKnownFileType = text; path = "pre-commit"; sourceTree = "<group>"; };
		455A9B892A43DF8600A8AB36 /* VisionOSDemo.app */ = {isa = PBXFileReference; explicitFileType = wrapper.application; includeInIndex = 0; path = VisionOSDemo.app; sourceTree = BUILT_PRODUCTS_DIR; };
		455A9B8E2A43DF8600A8AB36 /* VisionOSDemoApp.swift */ = {isa = PBXFileReference; lastKnownFileType = sourcecode.swift; path = VisionOSDemoApp.swift; sourceTree = "<group>"; };
		455A9B962A43DF8700A8AB36 /* Assets.xcassets */ = {isa = PBXFileReference; lastKnownFileType = folder.assetcatalog; path = Assets.xcassets; sourceTree = "<group>"; };
		455A9BA02A43E02A00A8AB36 /* Info.plist */ = {isa = PBXFileReference; lastKnownFileType = text.plist; path = Info.plist; sourceTree = "<group>"; };
		4568B1772A230B0300EF1615 /* .swift-version */ = {isa = PBXFileReference; lastKnownFileType = text; name = ".swift-version"; path = "../../.swift-version"; sourceTree = "<group>"; };
		4568B1782A230B0300EF1615 /* .swiftlint.yml */ = {isa = PBXFileReference; lastKnownFileType = text.yaml; name = .swiftlint.yml; path = ../../.swiftlint.yml; sourceTree = "<group>"; };
		4568B1792A230B0300EF1615 /* .markdownlint.yaml */ = {isa = PBXFileReference; lastKnownFileType = text.yaml; name = .markdownlint.yaml; path = ../../.markdownlint.yaml; sourceTree = "<group>"; };
		4568B17A2A230B0300EF1615 /* .swiftformat */ = {isa = PBXFileReference; lastKnownFileType = text; name = .swiftformat; path = ../../.swiftformat; sourceTree = "<group>"; };
		4568B17B2A230B0300EF1615 /* .gitignore */ = {isa = PBXFileReference; lastKnownFileType = text; name = .gitignore; path = ../../.gitignore; sourceTree = "<group>"; };
		456CB37428FCC8FD000E4319 /* RenderKit */ = {isa = PBXFileReference; lastKnownFileType = wrapper; name = RenderKit; path = ..; sourceTree = "<group>"; };
		456CB37828FCD40D000E4319 /* DetailView.swift */ = {isa = PBXFileReference; lastKnownFileType = sourcecode.swift; path = DetailView.swift; sourceTree = "<group>"; };
		456CB37A28FCD40D000E4319 /* NumberFieldView.swift */ = {isa = PBXFileReference; lastKnownFileType = sourcecode.swift; path = NumberFieldView.swift; sourceTree = "<group>"; };
		456CB37B28FCD40D000E4319 /* MapView.swift */ = {isa = PBXFileReference; lastKnownFileType = sourcecode.swift; path = MapView.swift; sourceTree = "<group>"; };
		456CB37C28FCD40D000E4319 /* GLTFLoaderView.swift */ = {isa = PBXFileReference; lastKnownFileType = sourcecode.swift; path = GLTFLoaderView.swift; sourceTree = "<group>"; };
		456CB37E28FCD40D000E4319 /* Viewers.swift */ = {isa = PBXFileReference; lastKnownFileType = sourcecode.swift; path = Viewers.swift; sourceTree = "<group>"; };
		456CB37F28FCD40D000E4319 /* ConsoleLogView.swift */ = {isa = PBXFileReference; lastKnownFileType = sourcecode.swift; path = ConsoleLogView.swift; sourceTree = "<group>"; };
		456CB38128FCD40D000E4319 /* MetalInfoView.swift */ = {isa = PBXFileReference; lastKnownFileType = sourcecode.swift; path = MetalInfoView.swift; sourceTree = "<group>"; };
		456CB38228FCD40D000E4319 /* ObjectLog.swift */ = {isa = PBXFileReference; lastKnownFileType = sourcecode.swift; path = ObjectLog.swift; sourceTree = "<group>"; };
		456CB38328FCD40D000E4319 /* VoronoiNoiseComputeView.swift */ = {isa = PBXFileReference; lastKnownFileType = sourcecode.swift; path = VoronoiNoiseComputeView.swift; sourceTree = "<group>"; };
		456CB38428FCD40D000E4319 /* EditorViews.swift */ = {isa = PBXFileReference; lastKnownFileType = sourcecode.swift; path = EditorViews.swift; sourceTree = "<group>"; };
		456CB38628FCD40D000E4319 /* Sprites.json */ = {isa = PBXFileReference; lastKnownFileType = text.json; path = Sprites.json; sourceTree = "<group>"; };
		456CB38728FCD40D000E4319 /* ShaderEditor.swift */ = {isa = PBXFileReference; lastKnownFileType = sourcecode.swift; path = ShaderEditor.swift; sourceTree = "<group>"; };
		456CB38828FCD40D000E4319 /* ShaderEditorSample.txt */ = {isa = PBXFileReference; lastKnownFileType = text; path = ShaderEditorSample.txt; sourceTree = "<group>"; };
		456CB38928FCD40D000E4319 /* MainView.swift */ = {isa = PBXFileReference; lastKnownFileType = sourcecode.swift; path = MainView.swift; sourceTree = "<group>"; };
		456CB38A28FCD40D000E4319 /* DemosView.swift */ = {isa = PBXFileReference; lastKnownFileType = sourcecode.swift; path = DemosView.swift; sourceTree = "<group>"; };
		456CB38B28FCD40D000E4319 /* SpriteSheet.swift */ = {isa = PBXFileReference; lastKnownFileType = sourcecode.swift; path = SpriteSheet.swift; sourceTree = "<group>"; };
		456CB38C28FCD40D000E4319 /* Sprites.png */ = {isa = PBXFileReference; lastKnownFileType = image.png; path = Sprites.png; sourceTree = "<group>"; };
		45733C6427852B8700F9B1E9 /* linters.sh */ = {isa = PBXFileReference; lastKnownFileType = text.script.sh; path = linters.sh; sourceTree = "<group>"; };
		45743FC327B43CDB00A76D5A /* Entitlements.entitlements */ = {isa = PBXFileReference; lastKnownFileType = text.plist.entitlements; path = Entitlements.entitlements; sourceTree = "<group>"; };
		4599A8F728FCEBB800329B34 /* Media.xcassets */ = {isa = PBXFileReference; lastKnownFileType = folder.assetcatalog; path = Media.xcassets; sourceTree = "<group>"; };
		4599A8F828FCEBB800329B34 /* Cube.ply */ = {isa = PBXFileReference; lastKnownFileType = text; path = Cube.ply; sourceTree = "<group>"; };
		4599A8F928FCEBB800329B34 /* SceneGraph.yaml */ = {isa = PBXFileReference; lastKnownFileType = text.yaml; path = SceneGraph.yaml; sourceTree = "<group>"; };
		4599A8FA28FCEBB800329B34 /* Teapot.mtl */ = {isa = PBXFileReference; lastKnownFileType = text; path = Teapot.mtl; sourceTree = "<group>"; };
		4599A8FB28FCEBB800329B34 /* teapot.obj */ = {isa = PBXFileReference; lastKnownFileType = text; path = teapot.obj; sourceTree = "<group>"; };
		4599A8FC28FCEBB800329B34 /* Monkey.ply */ = {isa = PBXFileReference; lastKnownFileType = text; path = Monkey.ply; sourceTree = "<group>"; };
		4599A8FD28FCEBB800329B34 /* Teapot.ply */ = {isa = PBXFileReference; lastKnownFileType = text; path = Teapot.ply; sourceTree = "<group>"; };
		4599A8FF28FCEBB800329B34 /* monu7.vox */ = {isa = PBXFileReference; lastKnownFileType = file; path = monu7.vox; sourceTree = "<group>"; };
		4599A90028FCEBB800329B34 /* monu8-without-water.vox */ = {isa = PBXFileReference; lastKnownFileType = file; path = "monu8-without-water.vox"; sourceTree = "<group>"; };
		4599A90128FCEBB800329B34 /* monu6.vox */ = {isa = PBXFileReference; lastKnownFileType = file; path = monu6.vox; sourceTree = "<group>"; };
		4599A90228FCEBB800329B34 /* monu4.vox */ = {isa = PBXFileReference; lastKnownFileType = file; path = monu4.vox; sourceTree = "<group>"; };
		4599A90328FCEBB800329B34 /* 1x2x3.vox */ = {isa = PBXFileReference; lastKnownFileType = file; path = 1x2x3.vox; sourceTree = "<group>"; };
		4599A90428FCEBB800329B34 /* monu5.vox */ = {isa = PBXFileReference; lastKnownFileType = file; path = monu5.vox; sourceTree = "<group>"; };
		4599A90528FCEBB800329B34 /* monu1.vox */ = {isa = PBXFileReference; lastKnownFileType = file; path = monu1.vox; sourceTree = "<group>"; };
		4599A90628FCEBB800329B34 /* 3x1x1.vox */ = {isa = PBXFileReference; lastKnownFileType = file; path = 3x1x1.vox; sourceTree = "<group>"; };
		4599A90728FCEBB800329B34 /* monu0.vox */ = {isa = PBXFileReference; lastKnownFileType = file; path = monu0.vox; sourceTree = "<group>"; };
		4599A90828FCEBB800329B34 /* monu2.vox */ = {isa = PBXFileReference; lastKnownFileType = file; path = monu2.vox; sourceTree = "<group>"; };
		4599A90928FCEBB800329B34 /* monu3.vox */ = {isa = PBXFileReference; lastKnownFileType = file; path = monu3.vox; sourceTree = "<group>"; };
		4599A90A28FCEBB800329B34 /* monu16.vox */ = {isa = PBXFileReference; lastKnownFileType = file; path = monu16.vox; sourceTree = "<group>"; };
		4599A90B28FCEBB800329B34 /* 2x2x2.vox */ = {isa = PBXFileReference; lastKnownFileType = file; path = 2x2x2.vox; sourceTree = "<group>"; };
		4599A90C28FCEBB800329B34 /* 1x1x2.vox */ = {isa = PBXFileReference; lastKnownFileType = file; path = 1x1x2.vox; sourceTree = "<group>"; };
		4599A90D28FCEBB800329B34 /* monu10.vox */ = {isa = PBXFileReference; lastKnownFileType = file; path = monu10.vox; sourceTree = "<group>"; };
		4599A90E28FCEBB800329B34 /* gap.vox */ = {isa = PBXFileReference; lastKnownFileType = file; path = gap.vox; sourceTree = "<group>"; };
		4599A90F28FCEBB800329B34 /* monu6-without-water.vox */ = {isa = PBXFileReference; lastKnownFileType = file; path = "monu6-without-water.vox"; sourceTree = "<group>"; };
		4599A91028FCEBB800329B34 /* 2x2.vox */ = {isa = PBXFileReference; lastKnownFileType = file; path = 2x2.vox; sourceTree = "<group>"; };
		4599A91128FCEBB800329B34 /* 2x1.vox */ = {isa = PBXFileReference; lastKnownFileType = file; path = 2x1.vox; sourceTree = "<group>"; };
		4599A91228FCEBB800329B34 /* monu8.vox */ = {isa = PBXFileReference; lastKnownFileType = file; path = monu8.vox; sourceTree = "<group>"; };
		4599A91328FCEBB800329B34 /* monu9.vox */ = {isa = PBXFileReference; lastKnownFileType = file; path = monu9.vox; sourceTree = "<group>"; };
		4599A91428FCEBB800329B34 /* 1x1.vox */ = {isa = PBXFileReference; lastKnownFileType = file; path = 1x1.vox; sourceTree = "<group>"; };
		45A1F4F2285A947C00AD095B /* RenderGraphKitDemo.entitlements */ = {isa = PBXFileReference; lastKnownFileType = text.plist.entitlements; path = RenderGraphKitDemo.entitlements; sourceTree = "<group>"; };
		45A1F4F3285A94DD00AD095B /* GameController.framework */ = {isa = PBXFileReference; lastKnownFileType = wrapper.framework; name = GameController.framework; path = System/Library/Frameworks/GameController.framework; sourceTree = SDKROOT; };
		45A1F4F5285A94DD00AD095B /* RenderGraphKitDemo-Info.plist */ = {isa = PBXFileReference; lastKnownFileType = text.plist; path = "RenderGraphKitDemo-Info.plist"; sourceTree = "<group>"; };
		45A1F4F6285A952A00AD095B /* MapKit.framework */ = {isa = PBXFileReference; lastKnownFileType = wrapper.framework; name = MapKit.framework; path = System/Library/Frameworks/MapKit.framework; sourceTree = SDKROOT; };
		45A544D827B9B3A800BDCC70 /* Warnings.xcconfig */ = {isa = PBXFileReference; lastKnownFileType = text.xcconfig; path = Warnings.xcconfig; sourceTree = "<group>"; };
		45A5993E285A8CA600F8DAA3 /* Codesigning.xcconfig */ = {isa = PBXFileReference; lastKnownFileType = text.xcconfig; path = Codesigning.xcconfig; sourceTree = "<group>"; };
		45EF7B9228FCD62D00B7FB16 /* RenderModel.swift */ = {isa = PBXFileReference; lastKnownFileType = sourcecode.swift; path = RenderModel.swift; sourceTree = "<group>"; };
/* End PBXFileReference section */

/* Begin PBXFrameworksBuildPhase section */
		451D609E277E8672008F44C0 /* Frameworks */ = {
			isa = PBXFrameworksBuildPhase;
			buildActionMask = 2147483647;
			files = (
				45723D9428FCBC12005E4A04 /* SwiftNodeEditor in Frameworks */,
				45723D9628FCBC75005E4A04 /* SwiftNodeEditorDemo in Frameworks */,
				45A1F4F4285A94DD00AD095B /* GameController.framework in Frameworks */,
				45A1F4F7285A952A00AD095B /* MapKit.framework in Frameworks */,
				456CB37628FCC910000E4319 /* RenderKit in Frameworks */,
				45582CE428DFBC42005F4A80 /* SwiftGLTF in Frameworks */,
				4594E4D127D8652A00DF1F8D /* SIMDSupport in Frameworks */,
				45FF370027D8479F004D8BC2 /* Everything in Frameworks */,
				45666E5A2A44370500566AB6 /* RenderKitSceneGraph in Frameworks */,
			);
			runOnlyForDeploymentPostprocessing = 0;
		};
		455A9B862A43DF8600A8AB36 /* Frameworks */ = {
			isa = PBXFrameworksBuildPhase;
			buildActionMask = 2147483647;
			files = (
				455A9BD72A43E1DE00A8AB36 /* RenderKit in Frameworks */,
				455A9BD92A43E1DE00A8AB36 /* Everything in Frameworks */,
			);
			runOnlyForDeploymentPostprocessing = 0;
		};
/* End PBXFrameworksBuildPhase section */

/* Begin PBXGroup section */
		451D608E277E8671008F44C0 = {
			isa = PBXGroup;
			children = (
				45A1F4F5285A94DD00AD095B /* RenderGraphKitDemo-Info.plist */,
				45A1F4F2285A947C00AD095B /* RenderGraphKitDemo.entitlements */,
				45743FC327B43CDB00A76D5A /* Entitlements.entitlements */,
				45733C6627852C7100F9B1E9 /* Dotfiles */,
				452D1624278D3F57002A47E2 /* xcconfig */,
				45733C6327852B8700F9B1E9 /* Scripts */,
				45A544D627B9B06E00BDCC70 /* Packages */,
				451D6093277E8671008F44C0 /* Shared */,
				455A9B8A2A43DF8600A8AB36 /* VisionOSDemo */,
				451D609C277E8672008F44C0 /* Products */,
				4554B8E427BCCF9400D4892B /* Frameworks */,
			);
			sourceTree = "<group>";
		};
		451D6093277E8671008F44C0 /* Shared */ = {
			isa = PBXGroup;
			children = (
				451D6096277E8672008F44C0 /* Assets.xcassets */,
				451D6094277E8671008F44C0 /* App.swift */,
				45EF7B9228FCD62D00B7FB16 /* RenderModel.swift */,
				4599A8F628FCEBB800329B34 /* Resources */,
				456CB37728FCD40D000E4319 /* Support Views */,
				456CB38528FCD40D000E4319 /* Views */,
			);
			path = Shared;
			sourceTree = "<group>";
		};
		451D609C277E8672008F44C0 /* Products */ = {
			isa = PBXGroup;
			children = (
				451D60A1277E8672008F44C0 /* RenderKitDemo.app */,
				455A9B892A43DF8600A8AB36 /* VisionOSDemo.app */,
			);
			name = Products;
			sourceTree = "<group>";
		};
		452D1624278D3F57002A47E2 /* xcconfig */ = {
			isa = PBXGroup;
			children = (
				45A5993E285A8CA600F8DAA3 /* Codesigning.xcconfig */,
				452D1629278D3F57002A47E2 /* Project-Shared.xcconfig */,
				452D162B278D3F57002A47E2 /* Project-Debug.xcconfig */,
				452D1627278D3F57002A47E2 /* Project-Release.xcconfig */,
				452D162D278D3F57002A47E2 /* RenderGraphKitDemo-Shared.xcconfig */,
				452D162C278D3F57002A47E2 /* RenderGraphKitDemo-Debug.xcconfig */,
				452D162A278D3F57002A47E2 /* RenderGraphKitDemo-Release.xcconfig */,
				45A544D827B9B3A800BDCC70 /* Warnings.xcconfig */,
			);
			path = xcconfig;
			sourceTree = "<group>";
		};
		453E8CC327B9BF14006A9565 /* git_hooks */ = {
			isa = PBXGroup;
			children = (
				453E8CC427B9BF14006A9565 /* .gitkeep */,
				453E8CC527B9BF14006A9565 /* pre-commit */,
			);
			path = git_hooks;
			sourceTree = "<group>";
		};
		4554B8E427BCCF9400D4892B /* Frameworks */ = {
			isa = PBXGroup;
			children = (
				45A1F4F6285A952A00AD095B /* MapKit.framework */,
				45A1F4F3285A94DD00AD095B /* GameController.framework */,
			);
			name = Frameworks;
			sourceTree = "<group>";
		};
		455A9B8A2A43DF8600A8AB36 /* VisionOSDemo */ = {
			isa = PBXGroup;
			children = (
				455A9BA02A43E02A00A8AB36 /* Info.plist */,
				455A9B8E2A43DF8600A8AB36 /* VisionOSDemoApp.swift */,
				455A9B962A43DF8700A8AB36 /* Assets.xcassets */,
			);
			path = VisionOSDemo;
			sourceTree = "<group>";
		};
		456CB37728FCD40D000E4319 /* Support Views */ = {
			isa = PBXGroup;
			children = (
				456CB37A28FCD40D000E4319 /* NumberFieldView.swift */,
				456CB37B28FCD40D000E4319 /* MapView.swift */,
				456CB37C28FCD40D000E4319 /* GLTFLoaderView.swift */,
				456CB37E28FCD40D000E4319 /* Viewers.swift */,
				456CB37F28FCD40D000E4319 /* ConsoleLogView.swift */,
				456CB38128FCD40D000E4319 /* MetalInfoView.swift */,
				456CB38228FCD40D000E4319 /* ObjectLog.swift */,
				456CB38328FCD40D000E4319 /* VoronoiNoiseComputeView.swift */,
				456CB38428FCD40D000E4319 /* EditorViews.swift */,
			);
			path = "Support Views";
			sourceTree = "<group>";
		};
		456CB38528FCD40D000E4319 /* Views */ = {
			isa = PBXGroup;
			children = (
				456CB37828FCD40D000E4319 /* DetailView.swift */,
				456CB38628FCD40D000E4319 /* Sprites.json */,
				456CB38728FCD40D000E4319 /* ShaderEditor.swift */,
				456CB38828FCD40D000E4319 /* ShaderEditorSample.txt */,
				456CB38928FCD40D000E4319 /* MainView.swift */,
				456CB38A28FCD40D000E4319 /* DemosView.swift */,
				456CB38B28FCD40D000E4319 /* SpriteSheet.swift */,
				456CB38C28FCD40D000E4319 /* Sprites.png */,
			);
			path = Views;
			sourceTree = "<group>";
		};
		45733C6327852B8700F9B1E9 /* Scripts */ = {
			isa = PBXGroup;
			children = (
				45733C6427852B8700F9B1E9 /* linters.sh */,
				453E8CC327B9BF14006A9565 /* git_hooks */,
			);
			path = Scripts;
			sourceTree = "<group>";
		};
		45733C6627852C7100F9B1E9 /* Dotfiles */ = {
			isa = PBXGroup;
			children = (
				4568B17B2A230B0300EF1615 /* .gitignore */,
				4568B1792A230B0300EF1615 /* .markdownlint.yaml */,
				4568B1772A230B0300EF1615 /* .swift-version */,
				4568B17A2A230B0300EF1615 /* .swiftformat */,
				4568B1782A230B0300EF1615 /* .swiftlint.yml */,
			);
			name = Dotfiles;
			path = Scripts;
			sourceTree = "<group>";
		};
		4599A8F628FCEBB800329B34 /* Resources */ = {
			isa = PBXGroup;
			children = (
				4599A8F728FCEBB800329B34 /* Media.xcassets */,
				4599A8F828FCEBB800329B34 /* Cube.ply */,
				4599A8F928FCEBB800329B34 /* SceneGraph.yaml */,
				4599A8FA28FCEBB800329B34 /* Teapot.mtl */,
				4599A8FB28FCEBB800329B34 /* teapot.obj */,
				4599A8FC28FCEBB800329B34 /* Monkey.ply */,
				4599A8FD28FCEBB800329B34 /* Teapot.ply */,
				4599A8FE28FCEBB800329B34 /* Voxels */,
			);
			path = Resources;
			sourceTree = "<group>";
		};
		4599A8FE28FCEBB800329B34 /* Voxels */ = {
			isa = PBXGroup;
			children = (
				4599A8FF28FCEBB800329B34 /* monu7.vox */,
				4599A90028FCEBB800329B34 /* monu8-without-water.vox */,
				4599A90128FCEBB800329B34 /* monu6.vox */,
				4599A90228FCEBB800329B34 /* monu4.vox */,
				4599A90328FCEBB800329B34 /* 1x2x3.vox */,
				4599A90428FCEBB800329B34 /* monu5.vox */,
				4599A90528FCEBB800329B34 /* monu1.vox */,
				4599A90628FCEBB800329B34 /* 3x1x1.vox */,
				4599A90728FCEBB800329B34 /* monu0.vox */,
				4599A90828FCEBB800329B34 /* monu2.vox */,
				4599A90928FCEBB800329B34 /* monu3.vox */,
				4599A90A28FCEBB800329B34 /* monu16.vox */,
				4599A90B28FCEBB800329B34 /* 2x2x2.vox */,
				4599A90C28FCEBB800329B34 /* 1x1x2.vox */,
				4599A90D28FCEBB800329B34 /* monu10.vox */,
				4599A90E28FCEBB800329B34 /* gap.vox */,
				4599A90F28FCEBB800329B34 /* monu6-without-water.vox */,
				4599A91028FCEBB800329B34 /* 2x2.vox */,
				4599A91128FCEBB800329B34 /* 2x1.vox */,
				4599A91228FCEBB800329B34 /* monu8.vox */,
				4599A91328FCEBB800329B34 /* monu9.vox */,
				4599A91428FCEBB800329B34 /* 1x1.vox */,
			);
			path = Voxels;
			sourceTree = "<group>";
		};
		45A544D627B9B06E00BDCC70 /* Packages */ = {
			isa = PBXGroup;
			children = (
				456CB37428FCC8FD000E4319 /* RenderKit */,
			);
			name = Packages;
			sourceTree = "<group>";
		};
/* End PBXGroup section */

/* Begin PBXNativeTarget section */
		451D60A0277E8672008F44C0 /* RenderKitDemo */ = {
			isa = PBXNativeTarget;
			buildConfigurationList = 451D60AF277E8672008F44C0 /* Build configuration list for PBXNativeTarget "RenderKitDemo" */;
			buildPhases = (
				451D609D277E8672008F44C0 /* Sources */,
				451D609E277E8672008F44C0 /* Frameworks */,
				451D609F277E8672008F44C0 /* Resources */,
				45733C6527852B9500F9B1E9 /* Script: Linters */,
			);
			buildRules = (
			);
			dependencies = (
			);
			name = RenderKitDemo;
			packageProductDependencies = (
				45FF36FF27D8479F004D8BC2 /* Everything */,
				4594E4D027D8652A00DF1F8D /* SIMDSupport */,
				45582CE328DFBC42005F4A80 /* SwiftGLTF */,
				45723D9328FCBC12005E4A04 /* SwiftNodeEditor */,
				45723D9528FCBC75005E4A04 /* SwiftNodeEditorDemo */,
				456CB37528FCC910000E4319 /* RenderKit */,
				45666E592A44370500566AB6 /* RenderKitSceneGraph */,
			);
			productName = "RenderGraphKitDemo (macOS)";
			productReference = 451D60A1277E8672008F44C0 /* RenderKitDemo.app */;
			productType = "com.apple.product-type.application";
		};
		455A9B882A43DF8600A8AB36 /* VisionOSDemo */ = {
			isa = PBXNativeTarget;
			buildConfigurationList = 455A9B9D2A43DF8700A8AB36 /* Build configuration list for PBXNativeTarget "VisionOSDemo" */;
			buildPhases = (
				455A9B852A43DF8600A8AB36 /* Sources */,
				455A9B862A43DF8600A8AB36 /* Frameworks */,
				455A9B872A43DF8600A8AB36 /* Resources */,
			);
			buildRules = (
			);
			dependencies = (
			);
			name = VisionOSDemo;
			packageProductDependencies = (
				455A9BD62A43E1DE00A8AB36 /* RenderKit */,
				455A9BD82A43E1DE00A8AB36 /* Everything */,
			);
			productName = VisionOSDemo;
			productReference = 455A9B892A43DF8600A8AB36 /* VisionOSDemo.app */;
			productType = "com.apple.product-type.application";
		};
/* End PBXNativeTarget section */

/* Begin PBXProject section */
		451D608F277E8671008F44C0 /* Project object */ = {
			isa = PBXProject;
			attributes = {
				BuildIndependentTargetsInParallel = 1;
				LastSwiftUpdateCheck = 1500;
				LastUpgradeCheck = 1500;
				TargetAttributes = {
					451D60A0277E8672008F44C0 = {
						CreatedOnToolsVersion = 13.2.1;
					};
					455A9B882A43DF8600A8AB36 = {
						CreatedOnToolsVersion = 15.0;
					};
				};
			};
			buildConfigurationList = 451D6092277E8671008F44C0 /* Build configuration list for PBXProject "RenderKitDemo" */;
			compatibilityVersion = "Xcode 13.0";
			developmentRegion = en;
			hasScannedForEncodings = 0;
			knownRegions = (
				en,
				Base,
			);
			mainGroup = 451D608E277E8671008F44C0;
			packageReferences = (
				45FF36FB27D84758004D8BC2 /* XCRemoteSwiftPackageReference "SIMD-Support" */,
				45FF36FE27D8479F004D8BC2 /* XCRemoteSwiftPackageReference "Everything" */,
				45582CE228DFBC42005F4A80 /* XCRemoteSwiftPackageReference "SwiftGLTF" */,
				45723D9228FCBC12005E4A04 /* XCRemoteSwiftPackageReference "SwiftNodeEditor" */,
			);
			productRefGroup = 451D609C277E8672008F44C0 /* Products */;
			projectDirPath = "";
			projectRoot = "";
			targets = (
				451D60A0277E8672008F44C0 /* RenderKitDemo */,
				455A9B882A43DF8600A8AB36 /* VisionOSDemo */,
			);
		};
/* End PBXProject section */

/* Begin PBXResourcesBuildPhase section */
		451D609F277E8672008F44C0 /* Resources */ = {
			isa = PBXResourcesBuildPhase;
			buildActionMask = 2147483647;
			files = (
				4599A91728FCEBBF00329B34 /* SceneGraph.yaml in Resources */,
				4599A91528FCEBBF00329B34 /* Teapot.ply in Resources */,
				4599A92128FCEBC700329B34 /* monu1.vox in Resources */,
				4599A92228FCEBC700329B34 /* monu6.vox in Resources */,
				4599A92528FCEBC700329B34 /* 2x2.vox in Resources */,
				4599A91C28FCEBC700329B34 /* monu16.vox in Resources */,
				4599A92B28FCEBC700329B34 /* monu7.vox in Resources */,
				45EF7B8C28FCD61600B7FB16 /* ShaderEditorSample.txt in Resources */,
				4599A92F28FCEBC700329B34 /* monu5.vox in Resources */,
				4599A91A28FCEBBF00329B34 /* Teapot.mtl in Resources */,
				4599A91B28FCEBBF00329B34 /* Monkey.ply in Resources */,
				4599A92828FCEBC700329B34 /* 3x1x1.vox in Resources */,
				4599A91628FCEBBF00329B34 /* Media.xcassets in Resources */,
				4599A91D28FCEBC700329B34 /* monu10.vox in Resources */,
				4599A93028FCEBC700329B34 /* monu0.vox in Resources */,
				4599A92328FCEBC700329B34 /* 2x2x2.vox in Resources */,
				4599A92428FCEBC700329B34 /* monu3.vox in Resources */,
				4599A91F28FCEBC700329B34 /* monu6-without-water.vox in Resources */,
				4599A91928FCEBBF00329B34 /* teapot.obj in Resources */,
				4599A92D28FCEBC700329B34 /* monu2.vox in Resources */,
				4599A91828FCEBBF00329B34 /* Cube.ply in Resources */,
				4599A92028FCEBC700329B34 /* monu8.vox in Resources */,
				4599A92C28FCEBC700329B34 /* monu9.vox in Resources */,
				45EF7B9028FCD61600B7FB16 /* Sprites.png in Resources */,
				4599A93128FCEBC700329B34 /* 1x2x3.vox in Resources */,
				4599A92728FCEBC700329B34 /* gap.vox in Resources */,
				4599A92E28FCEBC700329B34 /* monu4.vox in Resources */,
				4599A91E28FCEBC700329B34 /* monu8-without-water.vox in Resources */,
				451D60A9277E8672008F44C0 /* Assets.xcassets in Resources */,
				4599A92628FCEBC700329B34 /* 1x1x2.vox in Resources */,
				45EF7B8E28FCD61600B7FB16 /* Sprites.json in Resources */,
				4599A92A28FCEBC700329B34 /* 1x1.vox in Resources */,
				4599A92928FCEBC700329B34 /* 2x1.vox in Resources */,
			);
			runOnlyForDeploymentPostprocessing = 0;
		};
		455A9B872A43DF8600A8AB36 /* Resources */ = {
			isa = PBXResourcesBuildPhase;
			buildActionMask = 2147483647;
			files = (
				455A9BAE2A43E19300A8AB36 /* Monkey.ply in Resources */,
				455A9BA42A43E19300A8AB36 /* 2x2x2.vox in Resources */,
				455A9BB12A43E19300A8AB36 /* monu3.vox in Resources */,
				455A9BD12A43E19300A8AB36 /* monu0.vox in Resources */,
				455A9BBB2A43E19300A8AB36 /* monu8.vox in Resources */,
				455A9BAC2A43E19300A8AB36 /* 1x2x3.vox in Resources */,
				455A9BB62A43E19300A8AB36 /* Assets.xcassets in Resources */,
				455A9BAF2A43E19300A8AB36 /* Sprites.json in Resources */,
				455A9BBA2A43E19300A8AB36 /* ShaderEditorSample.txt in Resources */,
				455A9BC72A43E19300A8AB36 /* 1x1.vox in Resources */,
				455A9BD42A43E19300A8AB36 /* SceneGraph.yaml in Resources */,
				455A9BD02A43E19300A8AB36 /* 2x1.vox in Resources */,
				455A9BCF2A43E19300A8AB36 /* 3x1x1.vox in Resources */,
				455A9BA82A43E19300A8AB36 /* monu16.vox in Resources */,
				455A9BAA2A43E19300A8AB36 /* gap.vox in Resources */,
				455A9BC62A43E19300A8AB36 /* Cube.ply in Resources */,
				455A9BA32A43E19300A8AB36 /* monu5.vox in Resources */,
				455A9BA72A43E19300A8AB36 /* monu9.vox in Resources */,
				455A9BC92A43E19300A8AB36 /* monu6-without-water.vox in Resources */,
				455A9BB42A43E19300A8AB36 /* monu6.vox in Resources */,
				455A9BCC2A43E19300A8AB36 /* monu7.vox in Resources */,
				455A9BA22A43E19300A8AB36 /* Teapot.mtl in Resources */,
				455A9BB82A43E19300A8AB36 /* teapot.obj in Resources */,
				455A9BB32A43E19300A8AB36 /* monu1.vox in Resources */,
				455A9BBE2A43E19300A8AB36 /* Media.xcassets in Resources */,
				455A9BD22A43E19300A8AB36 /* Sprites.png in Resources */,
				455A9B972A43DF8700A8AB36 /* Assets.xcassets in Resources */,
				455A9BCA2A43E19300A8AB36 /* monu2.vox in Resources */,
				455A9BB72A43E19300A8AB36 /* 2x2.vox in Resources */,
				455A9BBD2A43E19300A8AB36 /* Teapot.ply in Resources */,
				455A9BC32A43E19300A8AB36 /* 1x1x2.vox in Resources */,
				455A9BC22A43E19300A8AB36 /* monu8-without-water.vox in Resources */,
				455A9BA12A43E19300A8AB36 /* monu10.vox in Resources */,
				455A9BC82A43E19300A8AB36 /* monu4.vox in Resources */,
			);
			runOnlyForDeploymentPostprocessing = 0;
		};
/* End PBXResourcesBuildPhase section */

/* Begin PBXShellScriptBuildPhase section */
		45733C6527852B9500F9B1E9 /* Script: Linters */ = {
			isa = PBXShellScriptBuildPhase;
			alwaysOutOfDate = 1;
			buildActionMask = 2147483647;
			files = (
			);
			inputFileListPaths = (
			);
			inputPaths = (
			);
			name = "Script: Linters";
			outputFileListPaths = (
			);
			outputPaths = (
			);
			runOnlyForDeploymentPostprocessing = 0;
			shellPath = /bin/sh;
			shellScript = "#source Scripts/linters.sh\n";
			showEnvVarsInLog = 0;
		};
/* End PBXShellScriptBuildPhase section */

/* Begin PBXSourcesBuildPhase section */
		451D609D277E8672008F44C0 /* Sources */ = {
			isa = PBXSourcesBuildPhase;
			buildActionMask = 2147483647;
			files = (
				45EF7B9728FCD66200B7FB16 /* MetalInfoView.swift in Sources */,
				45EF7B9828FCD66200B7FB16 /* DetailView.swift in Sources */,
				45EF7B9B28FCD66200B7FB16 /* NumberFieldView.swift in Sources */,
				45EF7B8D28FCD61600B7FB16 /* SpriteSheet.swift in Sources */,
				45EF7B9928FCD66200B7FB16 /* MapView.swift in Sources */,
				45EF7BA128FCD7DE00B7FB16 /* ShaderEditor.swift in Sources */,
				45EF7B9E28FCD66200B7FB16 /* ObjectLog.swift in Sources */,
				45EF7B9D28FCD66200B7FB16 /* EditorViews.swift in Sources */,
				45EF7B8A28FCD61000B7FB16 /* DemosView.swift in Sources */,
				45EF7B9628FCD66200B7FB16 /* VoronoiNoiseComputeView.swift in Sources */,
				455A9BDA2A43E1E900A8AB36 /* App.swift in Sources */,
				45EF7B9F28FCD66200B7FB16 /* Viewers.swift in Sources */,
				45EF7B8F28FCD61600B7FB16 /* MainView.swift in Sources */,
				45EF7BA028FCD66200B7FB16 /* ConsoleLogView.swift in Sources */,
				45EF7B9328FCD62D00B7FB16 /* RenderModel.swift in Sources */,
				45EF7B9C28FCD66200B7FB16 /* GLTFLoaderView.swift in Sources */,
			);
			runOnlyForDeploymentPostprocessing = 0;
		};
		455A9B852A43DF8600A8AB36 /* Sources */ = {
			isa = PBXSourcesBuildPhase;
			buildActionMask = 2147483647;
			files = (
				455A9BC42A43E19300A8AB36 /* ObjectLog.swift in Sources */,
				455A9BC12A43E19300A8AB36 /* EditorViews.swift in Sources */,
				455A9BAB2A43E19300A8AB36 /* Viewers.swift in Sources */,
				455A9BA52A43E19300A8AB36 /* SpriteSheet.swift in Sources */,
				455A9BB92A43E19300A8AB36 /* MainView.swift in Sources */,
				455A9BA92A43E19300A8AB36 /* RenderModel.swift in Sources */,
				455A9BBF2A43E19300A8AB36 /* DemosView.swift in Sources */,
				455A9BCD2A43E19300A8AB36 /* MetalInfoView.swift in Sources */,
				455A9BC52A43E19300A8AB36 /* NumberFieldView.swift in Sources */,
				455A9BB22A43E19300A8AB36 /* ShaderEditor.swift in Sources */,
				455A9BB02A43E19300A8AB36 /* GLTFLoaderView.swift in Sources */,
				455A9BAD2A43E19300A8AB36 /* ConsoleLogView.swift in Sources */,
				455A9BA62A43E19300A8AB36 /* DetailView.swift in Sources */,
				455A9BD32A43E19300A8AB36 /* MapView.swift in Sources */,
				455A9B8F2A43DF8600A8AB36 /* VisionOSDemoApp.swift in Sources */,
				455A9BC02A43E19300A8AB36 /* VoronoiNoiseComputeView.swift in Sources */,
			);
			runOnlyForDeploymentPostprocessing = 0;
		};
/* End PBXSourcesBuildPhase section */

/* Begin XCBuildConfiguration section */
		451D60AA277E8672008F44C0 /* Debug */ = {
			isa = XCBuildConfiguration;
			baseConfigurationReference = 452D162B278D3F57002A47E2 /* Project-Debug.xcconfig */;
			buildSettings = {
				ASSETCATALOG_COMPILER_GENERATE_SWIFT_ASSET_SYMBOL_EXTENSIONS = YES;
				ENABLE_USER_SCRIPT_SANDBOXING = YES;
			};
			name = Debug;
		};
		451D60AB277E8672008F44C0 /* Release */ = {
			isa = XCBuildConfiguration;
			baseConfigurationReference = 452D1627278D3F57002A47E2 /* Project-Release.xcconfig */;
			buildSettings = {
				ASSETCATALOG_COMPILER_GENERATE_SWIFT_ASSET_SYMBOL_EXTENSIONS = YES;
				ENABLE_USER_SCRIPT_SANDBOXING = YES;
			};
			name = Release;
		};
		451D60B0277E8672008F44C0 /* Debug */ = {
			isa = XCBuildConfiguration;
			baseConfigurationReference = 452D162C278D3F57002A47E2 /* RenderGraphKitDemo-Debug.xcconfig */;
			buildSettings = {
				CODE_SIGN_ENTITLEMENTS = RenderGraphKitDemo.entitlements;
				CODE_SIGN_IDENTITY = "-";
				"CODE_SIGN_IDENTITY[sdk=iphoneos*]" = "Apple Development";
				"CODE_SIGN_IDENTITY[sdk=macosx*]" = "Apple Development";
				INFOPLIST_FILE = "RenderGraphKitDemo-Info.plist";
				INFOPLIST_KEY_LSApplicationCategoryType = "public.app-category.developer-tools";
				INFOPLIST_KEY_NSHumanReadableCopyright = "";
				MACOSX_DEPLOYMENT_TARGET = 14.0;
				SUPPORTED_PLATFORMS = "iphoneos iphonesimulator macosx xros xrsimulator";
				SUPPORTS_MACCATALYST = NO;
				SUPPORTS_MAC_DESIGNED_FOR_IPHONE_IPAD = NO;
				SUPPORTS_XR_DESIGNED_FOR_IPHONE_IPAD = NO;
				TARGETED_DEVICE_FAMILY = "1,2,7";
			};
			name = Debug;
		};
		451D60B1277E8672008F44C0 /* Release */ = {
			isa = XCBuildConfiguration;
			baseConfigurationReference = 452D162A278D3F57002A47E2 /* RenderGraphKitDemo-Release.xcconfig */;
			buildSettings = {
				CODE_SIGN_ENTITLEMENTS = RenderGraphKitDemo.entitlements;
				CODE_SIGN_IDENTITY = "-";
				"CODE_SIGN_IDENTITY[sdk=iphoneos*]" = "Apple Development";
				"CODE_SIGN_IDENTITY[sdk=macosx*]" = "Apple Development";
				INFOPLIST_FILE = "RenderGraphKitDemo-Info.plist";
				INFOPLIST_KEY_LSApplicationCategoryType = "public.app-category.developer-tools";
				INFOPLIST_KEY_NSHumanReadableCopyright = "";
				MACOSX_DEPLOYMENT_TARGET = 14.0;
				SUPPORTED_PLATFORMS = "iphoneos iphonesimulator macosx xros xrsimulator";
				SUPPORTS_MACCATALYST = NO;
				SUPPORTS_MAC_DESIGNED_FOR_IPHONE_IPAD = NO;
				SUPPORTS_XR_DESIGNED_FOR_IPHONE_IPAD = NO;
				TARGETED_DEVICE_FAMILY = "1,2,7";
			};
			name = Release;
		};
		455A9B9B2A43DF8700A8AB36 /* Debug */ = {
			isa = XCBuildConfiguration;
			buildSettings = {
				ALWAYS_SEARCH_USER_PATHS = NO;
				ASSETCATALOG_COMPILER_APPICON_NAME = AppIcon;
				ASSETCATALOG_COMPILER_GLOBAL_ACCENT_COLOR_NAME = AccentColor;
				CLANG_ANALYZER_NONNULL = YES;
				CLANG_ANALYZER_NUMBER_OBJECT_CONVERSION = YES_AGGRESSIVE;
				CLANG_CXX_LANGUAGE_STANDARD = "gnu++20";
				CLANG_ENABLE_MODULES = YES;
				CLANG_ENABLE_OBJC_ARC = YES;
				CLANG_ENABLE_OBJC_WEAK = YES;
				CLANG_WARN_BLOCK_CAPTURE_AUTORELEASING = YES;
				CLANG_WARN_BOOL_CONVERSION = YES;
				CLANG_WARN_COMMA = YES;
				CLANG_WARN_CONSTANT_CONVERSION = YES;
				CLANG_WARN_DEPRECATED_OBJC_IMPLEMENTATIONS = YES;
				CLANG_WARN_DIRECT_OBJC_ISA_USAGE = YES_ERROR;
				CLANG_WARN_DOCUMENTATION_COMMENTS = YES;
				CLANG_WARN_EMPTY_BODY = YES;
				CLANG_WARN_ENUM_CONVERSION = YES;
				CLANG_WARN_INFINITE_RECURSION = YES;
				CLANG_WARN_INT_CONVERSION = YES;
				CLANG_WARN_NON_LITERAL_NULL_CONVERSION = YES;
				CLANG_WARN_OBJC_IMPLICIT_RETAIN_SELF = YES;
				CLANG_WARN_OBJC_LITERAL_CONVERSION = YES;
				CLANG_WARN_OBJC_ROOT_CLASS = YES_ERROR;
				CLANG_WARN_QUOTED_INCLUDE_IN_FRAMEWORK_HEADER = YES;
				CLANG_WARN_RANGE_LOOP_ANALYSIS = YES;
				CLANG_WARN_STRICT_PROTOTYPES = YES;
				CLANG_WARN_SUSPICIOUS_MOVE = YES;
				CLANG_WARN_UNGUARDED_AVAILABILITY = YES_AGGRESSIVE;
				CLANG_WARN_UNREACHABLE_CODE = YES;
				CLANG_WARN__DUPLICATE_METHOD_MATCH = YES;
				CODE_SIGN_STYLE = Automatic;
				COPY_PHASE_STRIP = NO;
				CURRENT_PROJECT_VERSION = 1;
				DEBUG_INFORMATION_FORMAT = dwarf;
				DEVELOPMENT_ASSET_PATHS = "\"VisionOSDemo/Preview Content\"";
				DEVELOPMENT_TEAM = 6E23EP94PG;
				ENABLE_PREVIEWS = YES;
				ENABLE_STRICT_OBJC_MSGSEND = YES;
				ENABLE_TESTABILITY = YES;
				GCC_C_LANGUAGE_STANDARD = gnu17;
				GCC_DYNAMIC_NO_PIC = NO;
				GCC_NO_COMMON_BLOCKS = YES;
				GCC_OPTIMIZATION_LEVEL = 0;
				GCC_PREPROCESSOR_DEFINITIONS = (
					"DEBUG=1",
					"$(inherited)",
				);
				GCC_WARN_64_TO_32_BIT_CONVERSION = YES;
				GCC_WARN_ABOUT_RETURN_TYPE = YES_ERROR;
				GCC_WARN_UNDECLARED_SELECTOR = YES;
				GCC_WARN_UNINITIALIZED_AUTOS = YES_AGGRESSIVE;
				GCC_WARN_UNUSED_FUNCTION = YES;
				GCC_WARN_UNUSED_VARIABLE = YES;
				GENERATE_INFOPLIST_FILE = YES;
				INFOPLIST_FILE = VisionOSDemo/Info.plist;
				INFOPLIST_KEY_CFBundleDisplayName = "";
				INFOPLIST_KEY_LSApplicationCategoryType = "public.app-category.developer-tools";
				INFOPLIST_KEY_NSHumanReadableCopyright = "";
				LD_RUNPATH_SEARCH_PATHS = (
					"$(inherited)",
					"@executable_path/Frameworks",
				);
				LOCALIZATION_PREFERS_STRING_CATALOGS = YES;
				MARKETING_VERSION = 1.0;
				MTL_ENABLE_DEBUG_INFO = INCLUDE_SOURCE;
				MTL_FAST_MATH = YES;
				ONLY_ACTIVE_ARCH = YES;
				PRODUCT_BUNDLE_IDENTIFIER = io.schwa.VisionOSDemo;
				PRODUCT_NAME = "$(TARGET_NAME)";
				SDKROOT = xros;
				SUPPORTED_PLATFORMS = "xros xrsimulator";
				SWIFT_ACTIVE_COMPILATION_CONDITIONS = "DEBUG $(inherited)";
				SWIFT_EMIT_LOC_STRINGS = YES;
				SWIFT_OPTIMIZATION_LEVEL = "-Onone";
				SWIFT_VERSION = 5.0;
				TARGETED_DEVICE_FAMILY = "1,2,7";
				XROS_DEPLOYMENT_TARGET = 1.0;
			};
			name = Debug;
		};
		455A9B9C2A43DF8700A8AB36 /* Release */ = {
			isa = XCBuildConfiguration;
			buildSettings = {
				ALWAYS_SEARCH_USER_PATHS = NO;
				ASSETCATALOG_COMPILER_APPICON_NAME = AppIcon;
				ASSETCATALOG_COMPILER_GLOBAL_ACCENT_COLOR_NAME = AccentColor;
				CLANG_ANALYZER_NONNULL = YES;
				CLANG_ANALYZER_NUMBER_OBJECT_CONVERSION = YES_AGGRESSIVE;
				CLANG_CXX_LANGUAGE_STANDARD = "gnu++20";
				CLANG_ENABLE_MODULES = YES;
				CLANG_ENABLE_OBJC_ARC = YES;
				CLANG_ENABLE_OBJC_WEAK = YES;
				CLANG_WARN_BLOCK_CAPTURE_AUTORELEASING = YES;
				CLANG_WARN_BOOL_CONVERSION = YES;
				CLANG_WARN_COMMA = YES;
				CLANG_WARN_CONSTANT_CONVERSION = YES;
				CLANG_WARN_DEPRECATED_OBJC_IMPLEMENTATIONS = YES;
				CLANG_WARN_DIRECT_OBJC_ISA_USAGE = YES_ERROR;
				CLANG_WARN_DOCUMENTATION_COMMENTS = YES;
				CLANG_WARN_EMPTY_BODY = YES;
				CLANG_WARN_ENUM_CONVERSION = YES;
				CLANG_WARN_INFINITE_RECURSION = YES;
				CLANG_WARN_INT_CONVERSION = YES;
				CLANG_WARN_NON_LITERAL_NULL_CONVERSION = YES;
				CLANG_WARN_OBJC_IMPLICIT_RETAIN_SELF = YES;
				CLANG_WARN_OBJC_LITERAL_CONVERSION = YES;
				CLANG_WARN_OBJC_ROOT_CLASS = YES_ERROR;
				CLANG_WARN_QUOTED_INCLUDE_IN_FRAMEWORK_HEADER = YES;
				CLANG_WARN_RANGE_LOOP_ANALYSIS = YES;
				CLANG_WARN_STRICT_PROTOTYPES = YES;
				CLANG_WARN_SUSPICIOUS_MOVE = YES;
				CLANG_WARN_UNGUARDED_AVAILABILITY = YES_AGGRESSIVE;
				CLANG_WARN_UNREACHABLE_CODE = YES;
				CLANG_WARN__DUPLICATE_METHOD_MATCH = YES;
				CODE_SIGN_STYLE = Automatic;
				COPY_PHASE_STRIP = NO;
				CURRENT_PROJECT_VERSION = 1;
				DEBUG_INFORMATION_FORMAT = "dwarf-with-dsym";
				DEVELOPMENT_ASSET_PATHS = "\"VisionOSDemo/Preview Content\"";
				DEVELOPMENT_TEAM = 6E23EP94PG;
				ENABLE_NS_ASSERTIONS = NO;
				ENABLE_PREVIEWS = YES;
				ENABLE_STRICT_OBJC_MSGSEND = YES;
				GCC_C_LANGUAGE_STANDARD = gnu17;
				GCC_NO_COMMON_BLOCKS = YES;
				GCC_WARN_64_TO_32_BIT_CONVERSION = YES;
				GCC_WARN_ABOUT_RETURN_TYPE = YES_ERROR;
				GCC_WARN_UNDECLARED_SELECTOR = YES;
				GCC_WARN_UNINITIALIZED_AUTOS = YES_AGGRESSIVE;
				GCC_WARN_UNUSED_FUNCTION = YES;
				GCC_WARN_UNUSED_VARIABLE = YES;
				GENERATE_INFOPLIST_FILE = YES;
				INFOPLIST_FILE = VisionOSDemo/Info.plist;
				INFOPLIST_KEY_CFBundleDisplayName = "";
				INFOPLIST_KEY_LSApplicationCategoryType = "public.app-category.developer-tools";
				INFOPLIST_KEY_NSHumanReadableCopyright = "";
				LD_RUNPATH_SEARCH_PATHS = (
					"$(inherited)",
					"@executable_path/Frameworks",
				);
				LOCALIZATION_PREFERS_STRING_CATALOGS = YES;
				MARKETING_VERSION = 1.0;
				MTL_ENABLE_DEBUG_INFO = NO;
				MTL_FAST_MATH = YES;
				PRODUCT_BUNDLE_IDENTIFIER = io.schwa.VisionOSDemo;
				PRODUCT_NAME = "$(TARGET_NAME)";
				SDKROOT = xros;
				SUPPORTED_PLATFORMS = "xros xrsimulator";
				SWIFT_COMPILATION_MODE = wholemodule;
				SWIFT_EMIT_LOC_STRINGS = YES;
				SWIFT_VERSION = 5.0;
				TARGETED_DEVICE_FAMILY = "1,2,7";
				VALIDATE_PRODUCT = YES;
				XROS_DEPLOYMENT_TARGET = 1.0;
			};
			name = Release;
		};
/* End XCBuildConfiguration section */

/* Begin XCConfigurationList section */
		451D6092277E8671008F44C0 /* Build configuration list for PBXProject "RenderKitDemo" */ = {
			isa = XCConfigurationList;
			buildConfigurations = (
				451D60AA277E8672008F44C0 /* Debug */,
				451D60AB277E8672008F44C0 /* Release */,
			);
			defaultConfigurationIsVisible = 0;
			defaultConfigurationName = Release;
		};
		451D60AF277E8672008F44C0 /* Build configuration list for PBXNativeTarget "RenderKitDemo" */ = {
			isa = XCConfigurationList;
			buildConfigurations = (
				451D60B0277E8672008F44C0 /* Debug */,
				451D60B1277E8672008F44C0 /* Release */,
			);
			defaultConfigurationIsVisible = 0;
			defaultConfigurationName = Release;
		};
		455A9B9D2A43DF8700A8AB36 /* Build configuration list for PBXNativeTarget "VisionOSDemo" */ = {
			isa = XCConfigurationList;
			buildConfigurations = (
				455A9B9B2A43DF8700A8AB36 /* Debug */,
				455A9B9C2A43DF8700A8AB36 /* Release */,
			);
			defaultConfigurationIsVisible = 0;
			defaultConfigurationName = Release;
		};
/* End XCConfigurationList section */

/* Begin XCRemoteSwiftPackageReference section */
		45582CE228DFBC42005F4A80 /* XCRemoteSwiftPackageReference "SwiftGLTF" */ = {
			isa = XCRemoteSwiftPackageReference;
			repositoryURL = "https://github.com/schwa/SwiftGLTF";
			requirement = {
				branch = main;
				kind = branch;
			};
		};
		45723D9228FCBC12005E4A04 /* XCRemoteSwiftPackageReference "SwiftNodeEditor" */ = {
			isa = XCRemoteSwiftPackageReference;
			repositoryURL = "https://github.com/schwa/SwiftNodeEditor";
			requirement = {
				branch = main;
				kind = branch;
			};
		};
		45FF36FB27D84758004D8BC2 /* XCRemoteSwiftPackageReference "SIMD-Support" */ = {
			isa = XCRemoteSwiftPackageReference;
			repositoryURL = "https://github.com/schwa/SIMD-Support";
			requirement = {
				branch = main;
				kind = branch;
			};
		};
		45FF36FE27D8479F004D8BC2 /* XCRemoteSwiftPackageReference "Everything" */ = {
			isa = XCRemoteSwiftPackageReference;
			repositoryURL = "https://github.com/schwa/Everything.git";
			requirement = {
				branch = main;
				kind = branch;
			};
		};
/* End XCRemoteSwiftPackageReference section */

/* Begin XCSwiftPackageProductDependency section */
		45582CE328DFBC42005F4A80 /* SwiftGLTF */ = {
			isa = XCSwiftPackageProductDependency;
			package = 45582CE228DFBC42005F4A80 /* XCRemoteSwiftPackageReference "SwiftGLTF" */;
			productName = SwiftGLTF;
		};
		455A9BD62A43E1DE00A8AB36 /* RenderKit */ = {
			isa = XCSwiftPackageProductDependency;
			productName = RenderKit;
		};
		455A9BD82A43E1DE00A8AB36 /* Everything */ = {
			isa = XCSwiftPackageProductDependency;
			package = 45FF36FE27D8479F004D8BC2 /* XCRemoteSwiftPackageReference "Everything" */;
			productName = Everything;
		};
		45666E592A44370500566AB6 /* RenderKitSceneGraph */ = {
			isa = XCSwiftPackageProductDependency;
			productName = RenderKitSceneGraph;
		};
		456CB37528FCC910000E4319 /* RenderKit */ = {
			isa = XCSwiftPackageProductDependency;
			productName = RenderKit;
		};
		45723D9328FCBC12005E4A04 /* SwiftNodeEditor */ = {
			isa = XCSwiftPackageProductDependency;
			package = 45723D9228FCBC12005E4A04 /* XCRemoteSwiftPackageReference "SwiftNodeEditor" */;
			productName = SwiftNodeEditor;
		};
		45723D9528FCBC75005E4A04 /* SwiftNodeEditorDemo */ = {
			isa = XCSwiftPackageProductDependency;
			package = 45723D9228FCBC12005E4A04 /* XCRemoteSwiftPackageReference "SwiftNodeEditor" */;
			productName = SwiftNodeEditorDemo;
		};
		4594E4D027D8652A00DF1F8D /* SIMDSupport */ = {
			isa = XCSwiftPackageProductDependency;
			package = 45FF36FB27D84758004D8BC2 /* XCRemoteSwiftPackageReference "SIMD-Support" */;
			productName = SIMDSupport;
		};
		45FF36FF27D8479F004D8BC2 /* Everything */ = {
			isa = XCSwiftPackageProductDependency;
			package = 45FF36FE27D8479F004D8BC2 /* XCRemoteSwiftPackageReference "Everything" */;
			productName = Everything;
		};
/* End XCSwiftPackageProductDependency section */
	};
	rootObject = 451D608F277E8671008F44C0 /* Project object */;
}
