// !$*UTF8*$!
{
	archiveVersion = 1;
	classes = {
	};
	objectVersion = 60;
	objects = {

/* Begin PBXBuildFile section */
		451337B42AE861BC009F670B /* TextureManager.swift in Sources */ = {isa = PBXBuildFile; fileRef = 451337B32AE861BC009F670B /* TextureManager.swift */; };
		451337B62AE86B00009F670B /* UnlitMaterial.swift in Sources */ = {isa = PBXBuildFile; fileRef = 451337B52AE86B00009F670B /* UnlitMaterial.swift */; };
		451337B82AE86B68009F670B /* FlatMaterial.swift in Sources */ = {isa = PBXBuildFile; fileRef = 451337B72AE86B68009F670B /* FlatMaterial.swift */; };
		4515CA762AEC116800FF9753 /* PixelFormatsView.swift in Sources */ = {isa = PBXBuildFile; fileRef = 4515CA752AEC116800FF9753 /* PixelFormatsView.swift */; };
		451EABF22BF126450085021D /* Compute in Frameworks */ = {isa = PBXBuildFile; productRef = 451EABF12BF126450085021D /* Compute */; };
		451EABF42BF126490085021D /* DemosSupport in Frameworks */ = {isa = PBXBuildFile; productRef = 451EABF32BF126490085021D /* DemosSupport */; };
		451EABF62BF1268A0085021D /* RenderKit in Frameworks */ = {isa = PBXBuildFile; productRef = 451EABF52BF1268A0085021D /* RenderKit */; };
		451EABFA2BF127620085021D /* RenderKitScratch in Frameworks */ = {isa = PBXBuildFile; productRef = 451EABF92BF127620085021D /* RenderKitScratch */; };
		452235AC2AE6F19E00CD89A3 /* Names.swift in Sources */ = {isa = PBXBuildFile; fileRef = 452235AB2AE6F19E00CD89A3 /* Names.swift */; };
		452235AF2AE6F1F800CD89A3 /* nouns.txt in Resources */ = {isa = PBXBuildFile; fileRef = 452235AD2AE6F1F800CD89A3 /* nouns.txt */; };
		452235B02AE6F1F800CD89A3 /* adjectives.txt in Resources */ = {isa = PBXBuildFile; fileRef = 452235AE2AE6F1F800CD89A3 /* adjectives.txt */; };
		452235B22AE7090A00CD89A3 /* SimpleScene+Demo.swift in Sources */ = {isa = PBXBuildFile; fileRef = 452235B12AE7090A00CD89A3 /* SimpleScene+Demo.swift */; };
		452235B42AE738FD00CD89A3 /* Bindings.swift in Sources */ = {isa = PBXBuildFile; fileRef = 452235B32AE738FD00CD89A3 /* Bindings.swift */; };
		453532552ADB424000B9745A /* SimulationView.swift in Sources */ = {isa = PBXBuildFile; fileRef = 453532542ADB424000B9745A /* SimulationView.swift */; };
		453532572ADB426000B9745A /* ParticlesRenderJob.swift in Sources */ = {isa = PBXBuildFile; fileRef = 453532562ADB426000B9745A /* ParticlesRenderJob.swift */; };
		453D32B82A48D06500FCEE29 /* DemosApp.swift in Sources */ = {isa = PBXBuildFile; fileRef = 453D32B72A48D06500FCEE29 /* DemosApp.swift */; };
		453D32BA2A48D06500FCEE29 /* ContentView.swift in Sources */ = {isa = PBXBuildFile; fileRef = 453D32B92A48D06500FCEE29 /* ContentView.swift */; };
		453D32BC2A48D06600FCEE29 /* Assets.xcassets in Resources */ = {isa = PBXBuildFile; fileRef = 453D32BB2A48D06600FCEE29 /* Assets.xcassets */; };
		453D32C02A48D06600FCEE29 /* Preview Assets.xcassets in Resources */ = {isa = PBXBuildFile; fileRef = 453D32BF2A48D06600FCEE29 /* Preview Assets.xcassets */; };
		453F7D3D2ACC7A2C0051D331 /* VolumetricView.swift in Sources */ = {isa = PBXBuildFile; fileRef = 453F7D3C2ACC7A2C0051D331 /* VolumetricView.swift */; };
		453F7D3F2ACC7A590051D331 /* VolumetricRenderPass.swift in Sources */ = {isa = PBXBuildFile; fileRef = 453F7D3E2ACC7A590051D331 /* VolumetricRenderPass.swift */; };
		45501E1F2BF05A7B001E6ED9 /* SwiftGLTF in Frameworks */ = {isa = PBXBuildFile; productRef = 45501E1E2BF05A7B001E6ED9 /* SwiftGLTF */; };
		4555A0372ABE017A0088CFFB /* DemosApp-VisionOS.swift in Sources */ = {isa = PBXBuildFile; fileRef = 4555A0362ABE017A0088CFFB /* DemosApp-VisionOS.swift */; };
		4555A03B2ABE0B310088CFFB /* Info-visionOS.plist in Resources */ = {isa = PBXBuildFile; fileRef = 4555A03A2ABE0B310088CFFB /* Info-visionOS.plist */; };
		4555A04D2ABE2CD80088CFFB /* SimpleSceneView.swift in Sources */ = {isa = PBXBuildFile; fileRef = 4555A0402ABE2BF00088CFFB /* SimpleSceneView.swift */; };
		4555A04E2ABE2CD80088CFFB /* SimpleSceneInspector.swift in Sources */ = {isa = PBXBuildFile; fileRef = 4555A0452ABE2BF00088CFFB /* SimpleSceneInspector.swift */; };
		4555A04F2ABE2CD80088CFFB /* SimpleSceneRenderPass.swift in Sources */ = {isa = PBXBuildFile; fileRef = 4555A0442ABE2BF00088CFFB /* SimpleSceneRenderPass.swift */; };
		4555A0502ABE2CD80088CFFB /* Projections.swift in Sources */ = {isa = PBXBuildFile; fileRef = 4555A0472ABE2BF00088CFFB /* Projections.swift */; };
		4555A0512ABE2CD80088CFFB /* SimpleScene.swift in Sources */ = {isa = PBXBuildFile; fileRef = 4555A0482ABE2BF00088CFFB /* SimpleScene.swift */; };
		4555A0522ABE2CD80088CFFB /* FirstPersonInteractiveViewModifier.swift in Sources */ = {isa = PBXBuildFile; fileRef = 4555A0432ABE2BF00088CFFB /* FirstPersonInteractiveViewModifier.swift */; };
		4555A0532ABE2CD80088CFFB /* SimpleSceneMapView.swift in Sources */ = {isa = PBXBuildFile; fileRef = 4555A0412ABE2BF00088CFFB /* SimpleSceneMapView.swift */; };
		4555A0542ABE2CD80088CFFB /* BallRotationModifier.swift in Sources */ = {isa = PBXBuildFile; fileRef = 4555A0462ABE2BF00088CFFB /* BallRotationModifier.swift */; };
		4555A0552ABE2CDD0088CFFB /* ShaderToyView.swift in Sources */ = {isa = PBXBuildFile; fileRef = 4555A04B2ABE2BF50088CFFB /* ShaderToyView.swift */; };
		4555A0562ABE2CDD0088CFFB /* ShaderToy.metal in Sources */ = {isa = PBXBuildFile; fileRef = 4555A04A2ABE2BF50088CFFB /* ShaderToy.metal */; };
		4555A0582ABE2CE20088CFFB /* VolumeData.swift in Sources */ = {isa = PBXBuildFile; fileRef = 4555A03E2ABE2BEC0088CFFB /* VolumeData.swift */; };
		4555A05A2ABE2CF50088CFFB /* MovementController.swift in Sources */ = {isa = PBXBuildFile; fileRef = 4555A0592ABE2CF50088CFFB /* MovementController.swift */; };
		4555A05C2ABE2D030088CFFB /* DisplayLink.swift in Sources */ = {isa = PBXBuildFile; fileRef = 4555A05B2ABE2D030088CFFB /* DisplayLink.swift */; };
		4555A05E2ABE2D100088CFFB /* GameControllerWidget.swift in Sources */ = {isa = PBXBuildFile; fileRef = 4555A05D2ABE2D100088CFFB /* GameControllerWidget.swift */; };
		4555A0602ABE2D260088CFFB /* Counters.swift in Sources */ = {isa = PBXBuildFile; fileRef = 4555A05F2ABE2D260088CFFB /* Counters.swift */; };
		4555A0622ABE2D590088CFFB /* Logging.swift in Sources */ = {isa = PBXBuildFile; fileRef = 4555A0612ABE2D590088CFFB /* Logging.swift */; };
		4555A0642ABE2E2E0088CFFB /* SwiftUI+Support.swift in Sources */ = {isa = PBXBuildFile; fileRef = 4555A0632ABE2E2E0088CFFB /* SwiftUI+Support.swift */; };
		4555A0662ABE2E7E0088CFFB /* Support.swift in Sources */ = {isa = PBXBuildFile; fileRef = 4555A0652ABE2E7E0088CFFB /* Support.swift */; };
		455741CC2AC658060050267D /* Testcard_01.ktx in Resources */ = {isa = PBXBuildFile; fileRef = 455741C02AC658060050267D /* Testcard_01.ktx */; };
		455741CD2AC658060050267D /* Testcard_03.ktx in Resources */ = {isa = PBXBuildFile; fileRef = 455741C12AC658060050267D /* Testcard_03.ktx */; };
		455741CE2AC658060050267D /* Testcard_02.ktx in Resources */ = {isa = PBXBuildFile; fileRef = 455741C22AC658060050267D /* Testcard_02.ktx */; };
		455741CF2AC658060050267D /* Testcard_06.ktx in Resources */ = {isa = PBXBuildFile; fileRef = 455741C32AC658060050267D /* Testcard_06.ktx */; };
		455741D02AC658060050267D /* Testcard_12.ktx in Resources */ = {isa = PBXBuildFile; fileRef = 455741C42AC658060050267D /* Testcard_12.ktx */; };
		455741D12AC658060050267D /* Testcard_07.ktx in Resources */ = {isa = PBXBuildFile; fileRef = 455741C52AC658060050267D /* Testcard_07.ktx */; };
		455741D22AC658060050267D /* Testcard_11.ktx in Resources */ = {isa = PBXBuildFile; fileRef = 455741C62AC658060050267D /* Testcard_11.ktx */; };
		455741D32AC658060050267D /* Testcard_05.ktx in Resources */ = {isa = PBXBuildFile; fileRef = 455741C72AC658060050267D /* Testcard_05.ktx */; };
		455741D42AC658060050267D /* Testcard_04.ktx in Resources */ = {isa = PBXBuildFile; fileRef = 455741C82AC658060050267D /* Testcard_04.ktx */; };
		455741D52AC658060050267D /* Testcard_10.ktx in Resources */ = {isa = PBXBuildFile; fileRef = 455741C92AC658060050267D /* Testcard_10.ktx */; };
		455741D62AC658060050267D /* Testcard_09.ktx in Resources */ = {isa = PBXBuildFile; fileRef = 455741CA2AC658060050267D /* Testcard_09.ktx */; };
		455741D72AC658060050267D /* Testcard_08.ktx in Resources */ = {isa = PBXBuildFile; fileRef = 455741CB2AC658060050267D /* Testcard_08.ktx */; };
		4558221B2AE5A2A700189306 /* PanoramaRenderJob.swift in Sources */ = {isa = PBXBuildFile; fileRef = 4558221A2AE5A2A700189306 /* PanoramaRenderJob.swift */; };
		45650DE82ACCEA45009F2AF2 /* BarramundiFish.glb in Resources */ = {isa = PBXBuildFile; fileRef = 45650DE72ACCEA45009F2AF2 /* BarramundiFish.glb */; };
		45650DEC2ACCEAEA009F2AF2 /* GLTF+YAMesh.swift in Sources */ = {isa = PBXBuildFile; fileRef = 45650DEB2ACCEAEA009F2AF2 /* GLTF+YAMesh.swift */; };
		45664A4B2AE58DED00352D96 /* TarArchive.swift in Sources */ = {isa = PBXBuildFile; fileRef = 45664A4A2AE58DED00352D96 /* TarArchive.swift */; };
		45664A4D2AE58F4A00352D96 /* StanfordVolumeData.tar in Resources */ = {isa = PBXBuildFile; fileRef = 45664A4C2AE58F4A00352D96 /* StanfordVolumeData.tar */; };
		456C5BA12ADA3D4E00C4AD0D /* Gradient.swift in Sources */ = {isa = PBXBuildFile; fileRef = 456C5BA02ADA3D4E00C4AD0D /* Gradient.swift */; };
		4570E2C72AC711A200B3B64D /* perseverance_08.ktx in Resources */ = {isa = PBXBuildFile; fileRef = 4570E2B92AC711A200B3B64D /* perseverance_08.ktx */; };
		4570E2C82AC711A200B3B64D /* perseverance_09.ktx in Resources */ = {isa = PBXBuildFile; fileRef = 4570E2BA2AC711A200B3B64D /* perseverance_09.ktx */; };
		4570E2C92AC711A200B3B64D /* perseverance_02.ktx in Resources */ = {isa = PBXBuildFile; fileRef = 4570E2BB2AC711A200B3B64D /* perseverance_02.ktx */; };
		4570E2CA2AC711A200B3B64D /* perseverance_03.ktx in Resources */ = {isa = PBXBuildFile; fileRef = 4570E2BC2AC711A200B3B64D /* perseverance_03.ktx */; };
		4570E2CB2AC711A200B3B64D /* perseverance_01.ktx in Resources */ = {isa = PBXBuildFile; fileRef = 4570E2BD2AC711A200B3B64D /* perseverance_01.ktx */; };
		4570E2CC2AC711A200B3B64D /* perseverance_14.ktx in Resources */ = {isa = PBXBuildFile; fileRef = 4570E2BE2AC711A200B3B64D /* perseverance_14.ktx */; };
		4570E2CD2AC711A200B3B64D /* perseverance_10.ktx in Resources */ = {isa = PBXBuildFile; fileRef = 4570E2BF2AC711A200B3B64D /* perseverance_10.ktx */; };
		4570E2CE2AC711A200B3B64D /* perseverance_04.ktx in Resources */ = {isa = PBXBuildFile; fileRef = 4570E2C02AC711A200B3B64D /* perseverance_04.ktx */; };
		4570E2CF2AC711A200B3B64D /* perseverance_05.ktx in Resources */ = {isa = PBXBuildFile; fileRef = 4570E2C12AC711A200B3B64D /* perseverance_05.ktx */; };
		4570E2D02AC711A200B3B64D /* perseverance_11.ktx in Resources */ = {isa = PBXBuildFile; fileRef = 4570E2C22AC711A200B3B64D /* perseverance_11.ktx */; };
		4570E2D12AC711A200B3B64D /* perseverance_07.ktx in Resources */ = {isa = PBXBuildFile; fileRef = 4570E2C32AC711A200B3B64D /* perseverance_07.ktx */; };
		4570E2D22AC711A200B3B64D /* perseverance_13.ktx in Resources */ = {isa = PBXBuildFile; fileRef = 4570E2C42AC711A200B3B64D /* perseverance_13.ktx */; };
		4570E2D32AC711A200B3B64D /* perseverance_12.ktx in Resources */ = {isa = PBXBuildFile; fileRef = 4570E2C52AC711A200B3B64D /* perseverance_12.ktx */; };
		4570E2D42AC711A200B3B64D /* perseverance_06.ktx in Resources */ = {isa = PBXBuildFile; fileRef = 4570E2C62AC711A200B3B64D /* perseverance_06.ktx */; };
		457861512AE32EA0005DABD6 /* Particles2.swift in Sources */ = {isa = PBXBuildFile; fileRef = 457861502AE32EA0005DABD6 /* Particles2.swift */; };
		457D4F1F2ABD1634004CCD9D /* ContentView-VisionOS.swift in Sources */ = {isa = PBXBuildFile; fileRef = 457D4F1E2ABD1634004CCD9D /* ContentView-VisionOS.swift */; };
		459E755D2AC1EF6F004BC055 /* SimpleMesh.swift in Sources */ = {isa = PBXBuildFile; fileRef = 459E755C2AC1EF6F004BC055 /* SimpleMesh.swift */; };
		45AA935B2AEB022800AA3EAD /* TextureView.swift in Sources */ = {isa = PBXBuildFile; fileRef = 45AA935A2AEB022800AA3EAD /* TextureView.swift */; };
		45B1D71E2ACFB25600960D02 /* YAMesh+Conversion.swift in Sources */ = {isa = PBXBuildFile; fileRef = 45B1D71D2ACFB25600960D02 /* YAMesh+Conversion.swift */; };
		45B2E2502AD7426900A2E7A1 /* Particles.swift in Sources */ = {isa = PBXBuildFile; fileRef = 45B2E24F2AD7426900A2E7A1 /* Particles.swift */; };
		45BEC1212ABE3480001730AB /* Cache.swift in Sources */ = {isa = PBXBuildFile; fileRef = 45BEC11F2ABE3480001730AB /* Cache.swift */; };
		45C525522B0078B600593B44 /* CSGDemoView.swift in Sources */ = {isa = PBXBuildFile; fileRef = 45C525512B0078B600593B44 /* CSGDemoView.swift */; };
		45F8C55C2AE1AAB200F01290 /* ScreenSpaceDemoView.swift in Sources */ = {isa = PBXBuildFile; fileRef = 45F8C55B2AE1AAB200F01290 /* ScreenSpaceDemoView.swift */; };
		45FAACBC2ACCF54C006C31BD /* Resources.swift in Sources */ = {isa = PBXBuildFile; fileRef = 45FAACBB2ACCF54C006C31BD /* Resources.swift */; };
		45FB2CA22AE19A0F008824D4 /* SimpleJobsBasedRenderPass.swift in Sources */ = {isa = PBXBuildFile; fileRef = 45FB2CA12AE19A0F008824D4 /* SimpleJobsBasedRenderPass.swift */; };
		45FB2CA52AE19C55008824D4 /* MetalCanvas.swift in Sources */ = {isa = PBXBuildFile; fileRef = 45FB2CA42AE19C55008824D4 /* MetalCanvas.swift */; };
		45FB79602ACF6E10001CD1B5 /* Cube.glb in Resources */ = {isa = PBXBuildFile; fileRef = 45FB795F2ACF6E10001CD1B5 /* Cube.glb */; };
		45FFF2922B072CBA00A5E240 /* Teapot.ply in Resources */ = {isa = PBXBuildFile; fileRef = 45FFF2912B072CBA00A5E240 /* Teapot.ply */; };
/* End PBXBuildFile section */

/* Begin PBXFileReference section */
		451196902A520D1F00F4F2DE /* Info.plist */ = {isa = PBXFileReference; lastKnownFileType = text.plist; path = Info.plist; sourceTree = "<group>"; };
		451337B32AE861BC009F670B /* TextureManager.swift */ = {isa = PBXFileReference; lastKnownFileType = sourcecode.swift; path = TextureManager.swift; sourceTree = "<group>"; };
		451337B52AE86B00009F670B /* UnlitMaterial.swift */ = {isa = PBXFileReference; lastKnownFileType = sourcecode.swift; path = UnlitMaterial.swift; sourceTree = "<group>"; };
		451337B72AE86B68009F670B /* FlatMaterial.swift */ = {isa = PBXFileReference; lastKnownFileType = sourcecode.swift; path = FlatMaterial.swift; sourceTree = "<group>"; };
		4515CA752AEC116800FF9753 /* PixelFormatsView.swift */ = {isa = PBXFileReference; lastKnownFileType = sourcecode.swift; path = PixelFormatsView.swift; sourceTree = "<group>"; };
		452235AB2AE6F19E00CD89A3 /* Names.swift */ = {isa = PBXFileReference; lastKnownFileType = sourcecode.swift; path = Names.swift; sourceTree = "<group>"; };
		452235AD2AE6F1F800CD89A3 /* nouns.txt */ = {isa = PBXFileReference; fileEncoding = 4; lastKnownFileType = text; path = nouns.txt; sourceTree = "<group>"; };
		452235AE2AE6F1F800CD89A3 /* adjectives.txt */ = {isa = PBXFileReference; fileEncoding = 4; lastKnownFileType = text; path = adjectives.txt; sourceTree = "<group>"; };
		452235B12AE7090A00CD89A3 /* SimpleScene+Demo.swift */ = {isa = PBXFileReference; lastKnownFileType = sourcecode.swift; path = "SimpleScene+Demo.swift"; sourceTree = "<group>"; };
		452235B32AE738FD00CD89A3 /* Bindings.swift */ = {isa = PBXFileReference; lastKnownFileType = sourcecode.swift; path = Bindings.swift; sourceTree = "<group>"; };
		453532542ADB424000B9745A /* SimulationView.swift */ = {isa = PBXFileReference; lastKnownFileType = sourcecode.swift; path = SimulationView.swift; sourceTree = "<group>"; };
		453532562ADB426000B9745A /* ParticlesRenderJob.swift */ = {isa = PBXFileReference; lastKnownFileType = sourcecode.swift; path = ParticlesRenderJob.swift; sourceTree = "<group>"; };
		453D32B42A48D06500FCEE29 /* Demos.app */ = {isa = PBXFileReference; explicitFileType = wrapper.application; includeInIndex = 0; path = Demos.app; sourceTree = BUILT_PRODUCTS_DIR; };
		453D32B72A48D06500FCEE29 /* DemosApp.swift */ = {isa = PBXFileReference; lastKnownFileType = sourcecode.swift; path = DemosApp.swift; sourceTree = "<group>"; };
		453D32B92A48D06500FCEE29 /* ContentView.swift */ = {isa = PBXFileReference; lastKnownFileType = sourcecode.swift; path = ContentView.swift; sourceTree = "<group>"; };
		453D32BB2A48D06600FCEE29 /* Assets.xcassets */ = {isa = PBXFileReference; lastKnownFileType = folder.assetcatalog; path = Assets.xcassets; sourceTree = "<group>"; };
		453D32BD2A48D06600FCEE29 /* Demos.entitlements */ = {isa = PBXFileReference; lastKnownFileType = text.plist.entitlements; path = Demos.entitlements; sourceTree = "<group>"; };
		453D32BF2A48D06600FCEE29 /* Preview Assets.xcassets */ = {isa = PBXFileReference; lastKnownFileType = folder.assetcatalog; path = "Preview Assets.xcassets"; sourceTree = "<group>"; };
		453F7D3C2ACC7A2C0051D331 /* VolumetricView.swift */ = {isa = PBXFileReference; fileEncoding = 4; lastKnownFileType = sourcecode.swift; path = VolumetricView.swift; sourceTree = "<group>"; };
		453F7D3E2ACC7A590051D331 /* VolumetricRenderPass.swift */ = {isa = PBXFileReference; lastKnownFileType = sourcecode.swift; path = VolumetricRenderPass.swift; sourceTree = "<group>"; };
		4555A0362ABE017A0088CFFB /* DemosApp-VisionOS.swift */ = {isa = PBXFileReference; lastKnownFileType = sourcecode.swift; path = "DemosApp-VisionOS.swift"; sourceTree = "<group>"; };
		4555A03A2ABE0B310088CFFB /* Info-visionOS.plist */ = {isa = PBXFileReference; fileEncoding = 4; lastKnownFileType = text.plist.xml; path = "Info-visionOS.plist"; sourceTree = "<group>"; };
		4555A03E2ABE2BEC0088CFFB /* VolumeData.swift */ = {isa = PBXFileReference; lastKnownFileType = sourcecode.swift; path = VolumeData.swift; sourceTree = "<group>"; };
		4555A0402ABE2BF00088CFFB /* SimpleSceneView.swift */ = {isa = PBXFileReference; lastKnownFileType = sourcecode.swift; path = SimpleSceneView.swift; sourceTree = "<group>"; };
		4555A0412ABE2BF00088CFFB /* SimpleSceneMapView.swift */ = {isa = PBXFileReference; lastKnownFileType = sourcecode.swift; path = SimpleSceneMapView.swift; sourceTree = "<group>"; };
		4555A0432ABE2BF00088CFFB /* FirstPersonInteractiveViewModifier.swift */ = {isa = PBXFileReference; lastKnownFileType = sourcecode.swift; path = FirstPersonInteractiveViewModifier.swift; sourceTree = "<group>"; };
		4555A0442ABE2BF00088CFFB /* SimpleSceneRenderPass.swift */ = {isa = PBXFileReference; lastKnownFileType = sourcecode.swift; path = SimpleSceneRenderPass.swift; sourceTree = "<group>"; };
		4555A0452ABE2BF00088CFFB /* SimpleSceneInspector.swift */ = {isa = PBXFileReference; lastKnownFileType = sourcecode.swift; path = SimpleSceneInspector.swift; sourceTree = "<group>"; };
		4555A0462ABE2BF00088CFFB /* BallRotationModifier.swift */ = {isa = PBXFileReference; lastKnownFileType = sourcecode.swift; path = BallRotationModifier.swift; sourceTree = "<group>"; };
		4555A0472ABE2BF00088CFFB /* Projections.swift */ = {isa = PBXFileReference; lastKnownFileType = sourcecode.swift; path = Projections.swift; sourceTree = "<group>"; };
		4555A0482ABE2BF00088CFFB /* SimpleScene.swift */ = {isa = PBXFileReference; lastKnownFileType = sourcecode.swift; path = SimpleScene.swift; sourceTree = "<group>"; };
		4555A04A2ABE2BF50088CFFB /* ShaderToy.metal */ = {isa = PBXFileReference; lastKnownFileType = sourcecode.metal; path = ShaderToy.metal; sourceTree = "<group>"; };
		4555A04B2ABE2BF50088CFFB /* ShaderToyView.swift */ = {isa = PBXFileReference; lastKnownFileType = sourcecode.swift; path = ShaderToyView.swift; sourceTree = "<group>"; };
		4555A0592ABE2CF50088CFFB /* MovementController.swift */ = {isa = PBXFileReference; lastKnownFileType = sourcecode.swift; path = MovementController.swift; sourceTree = "<group>"; };
		4555A05B2ABE2D030088CFFB /* DisplayLink.swift */ = {isa = PBXFileReference; lastKnownFileType = sourcecode.swift; path = DisplayLink.swift; sourceTree = "<group>"; };
		4555A05D2ABE2D100088CFFB /* GameControllerWidget.swift */ = {isa = PBXFileReference; lastKnownFileType = sourcecode.swift; path = GameControllerWidget.swift; sourceTree = "<group>"; };
		4555A05F2ABE2D260088CFFB /* Counters.swift */ = {isa = PBXFileReference; lastKnownFileType = sourcecode.swift; path = Counters.swift; sourceTree = "<group>"; };
		4555A0612ABE2D590088CFFB /* Logging.swift */ = {isa = PBXFileReference; lastKnownFileType = sourcecode.swift; path = Logging.swift; sourceTree = "<group>"; };
		4555A0632ABE2E2E0088CFFB /* SwiftUI+Support.swift */ = {isa = PBXFileReference; lastKnownFileType = sourcecode.swift; path = "SwiftUI+Support.swift"; sourceTree = "<group>"; };
		4555A0652ABE2E7E0088CFFB /* Support.swift */ = {isa = PBXFileReference; lastKnownFileType = sourcecode.swift; path = Support.swift; sourceTree = "<group>"; };
		455741C02AC658060050267D /* Testcard_01.ktx */ = {isa = PBXFileReference; lastKnownFileType = file; path = Testcard_01.ktx; sourceTree = "<group>"; };
		455741C12AC658060050267D /* Testcard_03.ktx */ = {isa = PBXFileReference; lastKnownFileType = file; path = Testcard_03.ktx; sourceTree = "<group>"; };
		455741C22AC658060050267D /* Testcard_02.ktx */ = {isa = PBXFileReference; lastKnownFileType = file; path = Testcard_02.ktx; sourceTree = "<group>"; };
		455741C32AC658060050267D /* Testcard_06.ktx */ = {isa = PBXFileReference; lastKnownFileType = file; path = Testcard_06.ktx; sourceTree = "<group>"; };
		455741C42AC658060050267D /* Testcard_12.ktx */ = {isa = PBXFileReference; lastKnownFileType = file; path = Testcard_12.ktx; sourceTree = "<group>"; };
		455741C52AC658060050267D /* Testcard_07.ktx */ = {isa = PBXFileReference; lastKnownFileType = file; path = Testcard_07.ktx; sourceTree = "<group>"; };
		455741C62AC658060050267D /* Testcard_11.ktx */ = {isa = PBXFileReference; lastKnownFileType = file; path = Testcard_11.ktx; sourceTree = "<group>"; };
		455741C72AC658060050267D /* Testcard_05.ktx */ = {isa = PBXFileReference; lastKnownFileType = file; path = Testcard_05.ktx; sourceTree = "<group>"; };
		455741C82AC658060050267D /* Testcard_04.ktx */ = {isa = PBXFileReference; lastKnownFileType = file; path = Testcard_04.ktx; sourceTree = "<group>"; };
		455741C92AC658060050267D /* Testcard_10.ktx */ = {isa = PBXFileReference; lastKnownFileType = file; path = Testcard_10.ktx; sourceTree = "<group>"; };
		455741CA2AC658060050267D /* Testcard_09.ktx */ = {isa = PBXFileReference; lastKnownFileType = file; path = Testcard_09.ktx; sourceTree = "<group>"; };
		455741CB2AC658060050267D /* Testcard_08.ktx */ = {isa = PBXFileReference; lastKnownFileType = file; path = Testcard_08.ktx; sourceTree = "<group>"; };
		455822172AE59E3B00189306 /* TODO.md */ = {isa = PBXFileReference; lastKnownFileType = net.daringfireball.markdown; name = TODO.md; path = ../TODO.md; sourceTree = "<group>"; };
		455822182AE59E5000189306 /* README.md */ = {isa = PBXFileReference; lastKnownFileType = net.daringfireball.markdown; name = README.md; path = ../README.md; sourceTree = "<group>"; };
		4558221A2AE5A2A700189306 /* PanoramaRenderJob.swift */ = {isa = PBXFileReference; lastKnownFileType = sourcecode.swift; path = PanoramaRenderJob.swift; sourceTree = "<group>"; };
		45650DE12ACCE5CE009F2AF2 /* OffscreenDemo.swift */ = {isa = PBXFileReference; lastKnownFileType = sourcecode.swift; path = OffscreenDemo.swift; sourceTree = "<group>"; };
		45650DE32ACCE5FA009F2AF2 /* Media.xcassets */ = {isa = PBXFileReference; lastKnownFileType = folder.assetcatalog; path = Media.xcassets; sourceTree = "<group>"; };
		45650DE72ACCEA45009F2AF2 /* BarramundiFish.glb */ = {isa = PBXFileReference; lastKnownFileType = file; path = BarramundiFish.glb; sourceTree = "<group>"; };
		45650DEB2ACCEAEA009F2AF2 /* GLTF+YAMesh.swift */ = {isa = PBXFileReference; lastKnownFileType = sourcecode.swift; path = "GLTF+YAMesh.swift"; sourceTree = "<group>"; };
		45664A4A2AE58DED00352D96 /* TarArchive.swift */ = {isa = PBXFileReference; lastKnownFileType = sourcecode.swift; path = TarArchive.swift; sourceTree = "<group>"; };
		45664A4C2AE58F4A00352D96 /* StanfordVolumeData.tar */ = {isa = PBXFileReference; lastKnownFileType = archive.tar; path = StanfordVolumeData.tar; sourceTree = "<group>"; };
		456C5BA02ADA3D4E00C4AD0D /* Gradient.swift */ = {isa = PBXFileReference; lastKnownFileType = sourcecode.swift; path = Gradient.swift; sourceTree = "<group>"; };
		4570E2B92AC711A200B3B64D /* perseverance_08.ktx */ = {isa = PBXFileReference; lastKnownFileType = file; path = perseverance_08.ktx; sourceTree = "<group>"; };
		4570E2BA2AC711A200B3B64D /* perseverance_09.ktx */ = {isa = PBXFileReference; lastKnownFileType = file; path = perseverance_09.ktx; sourceTree = "<group>"; };
		4570E2BB2AC711A200B3B64D /* perseverance_02.ktx */ = {isa = PBXFileReference; lastKnownFileType = file; path = perseverance_02.ktx; sourceTree = "<group>"; };
		4570E2BC2AC711A200B3B64D /* perseverance_03.ktx */ = {isa = PBXFileReference; lastKnownFileType = file; path = perseverance_03.ktx; sourceTree = "<group>"; };
		4570E2BD2AC711A200B3B64D /* perseverance_01.ktx */ = {isa = PBXFileReference; lastKnownFileType = file; path = perseverance_01.ktx; sourceTree = "<group>"; };
		4570E2BE2AC711A200B3B64D /* perseverance_14.ktx */ = {isa = PBXFileReference; lastKnownFileType = file; path = perseverance_14.ktx; sourceTree = "<group>"; };
		4570E2BF2AC711A200B3B64D /* perseverance_10.ktx */ = {isa = PBXFileReference; lastKnownFileType = file; path = perseverance_10.ktx; sourceTree = "<group>"; };
		4570E2C02AC711A200B3B64D /* perseverance_04.ktx */ = {isa = PBXFileReference; lastKnownFileType = file; path = perseverance_04.ktx; sourceTree = "<group>"; };
		4570E2C12AC711A200B3B64D /* perseverance_05.ktx */ = {isa = PBXFileReference; lastKnownFileType = file; path = perseverance_05.ktx; sourceTree = "<group>"; };
		4570E2C22AC711A200B3B64D /* perseverance_11.ktx */ = {isa = PBXFileReference; lastKnownFileType = file; path = perseverance_11.ktx; sourceTree = "<group>"; };
		4570E2C32AC711A200B3B64D /* perseverance_07.ktx */ = {isa = PBXFileReference; lastKnownFileType = file; path = perseverance_07.ktx; sourceTree = "<group>"; };
		4570E2C42AC711A200B3B64D /* perseverance_13.ktx */ = {isa = PBXFileReference; lastKnownFileType = file; path = perseverance_13.ktx; sourceTree = "<group>"; };
		4570E2C52AC711A200B3B64D /* perseverance_12.ktx */ = {isa = PBXFileReference; lastKnownFileType = file; path = perseverance_12.ktx; sourceTree = "<group>"; };
		4570E2C62AC711A200B3B64D /* perseverance_06.ktx */ = {isa = PBXFileReference; lastKnownFileType = file; path = perseverance_06.ktx; sourceTree = "<group>"; };
		457861502AE32EA0005DABD6 /* Particles2.swift */ = {isa = PBXFileReference; lastKnownFileType = sourcecode.swift; path = Particles2.swift; sourceTree = "<group>"; };
		457D4F1E2ABD1634004CCD9D /* ContentView-VisionOS.swift */ = {isa = PBXFileReference; lastKnownFileType = sourcecode.swift; path = "ContentView-VisionOS.swift"; sourceTree = "<group>"; };
		459E755C2AC1EF6F004BC055 /* SimpleMesh.swift */ = {isa = PBXFileReference; lastKnownFileType = sourcecode.swift; path = SimpleMesh.swift; sourceTree = "<group>"; };
		459EDA572A494C0700F9211C /* CLI.swift */ = {isa = PBXFileReference; lastKnownFileType = sourcecode.swift; path = CLI.swift; sourceTree = "<group>"; };
		459F36192BF12610004822FC /* RenderKit */ = {isa = PBXFileReference; lastKnownFileType = wrapper; name = RenderKit; path = ../..; sourceTree = "<group>"; };
		459F361A2BF12618004822FC /* DemosSupport */ = {isa = PBXFileReference; lastKnownFileType = wrapper; path = DemosSupport; sourceTree = "<group>"; };
		459F361B2BF12618004822FC /* Compute */ = {isa = PBXFileReference; lastKnownFileType = wrapper; path = Compute; sourceTree = "<group>"; };
		45A147BC2A4B1B7300C06FE1 /* CLI-Release.xcconfig */ = {isa = PBXFileReference; lastKnownFileType = text.xcconfig; path = "CLI-Release.xcconfig"; sourceTree = "<group>"; };
		45A147BD2A4B1B7300C06FE1 /* Project-Release.xcconfig */ = {isa = PBXFileReference; lastKnownFileType = text.xcconfig; path = "Project-Release.xcconfig"; sourceTree = "<group>"; };
		45A147BE2A4B1B7300C06FE1 /* CLI-Debug.xcconfig */ = {isa = PBXFileReference; lastKnownFileType = text.xcconfig; path = "CLI-Debug.xcconfig"; sourceTree = "<group>"; };
		45A147BF2A4B1B7300C06FE1 /* Project-Shared.xcconfig */ = {isa = PBXFileReference; lastKnownFileType = text.xcconfig; path = "Project-Shared.xcconfig"; sourceTree = "<group>"; };
		45A147C02A4B1B7300C06FE1 /* Demos-Shared.xcconfig */ = {isa = PBXFileReference; lastKnownFileType = text.xcconfig; path = "Demos-Shared.xcconfig"; sourceTree = "<group>"; };
		45A147C12A4B1B7300C06FE1 /* Demos-Debug.xcconfig */ = {isa = PBXFileReference; lastKnownFileType = text.xcconfig; path = "Demos-Debug.xcconfig"; sourceTree = "<group>"; };
		45A147C22A4B1B7300C06FE1 /* Demos-Release.xcconfig */ = {isa = PBXFileReference; lastKnownFileType = text.xcconfig; path = "Demos-Release.xcconfig"; sourceTree = "<group>"; };
		45A147C32A4B1B7300C06FE1 /* Project-Debug.xcconfig */ = {isa = PBXFileReference; lastKnownFileType = text.xcconfig; path = "Project-Debug.xcconfig"; sourceTree = "<group>"; };
		45A147C42A4B1B7300C06FE1 /* CLI-Shared.xcconfig */ = {isa = PBXFileReference; lastKnownFileType = text.xcconfig; path = "CLI-Shared.xcconfig"; sourceTree = "<group>"; };
		45AA935A2AEB022800AA3EAD /* TextureView.swift */ = {isa = PBXFileReference; lastKnownFileType = sourcecode.swift; path = TextureView.swift; sourceTree = "<group>"; };
		45B1D71D2ACFB25600960D02 /* YAMesh+Conversion.swift */ = {isa = PBXFileReference; lastKnownFileType = sourcecode.swift; path = "YAMesh+Conversion.swift"; sourceTree = "<group>"; };
		45B2E24F2AD7426900A2E7A1 /* Particles.swift */ = {isa = PBXFileReference; lastKnownFileType = sourcecode.swift; path = Particles.swift; sourceTree = "<group>"; };
		45BEC11F2ABE3480001730AB /* Cache.swift */ = {isa = PBXFileReference; lastKnownFileType = sourcecode.swift; path = Cache.swift; sourceTree = "<group>"; };
		45C525512B0078B600593B44 /* CSGDemoView.swift */ = {isa = PBXFileReference; lastKnownFileType = sourcecode.swift; path = CSGDemoView.swift; sourceTree = "<group>"; };
		45F8C55B2AE1AAB200F01290 /* ScreenSpaceDemoView.swift */ = {isa = PBXFileReference; lastKnownFileType = sourcecode.swift; path = ScreenSpaceDemoView.swift; sourceTree = "<group>"; };
		45FAACBB2ACCF54C006C31BD /* Resources.swift */ = {isa = PBXFileReference; lastKnownFileType = sourcecode.swift; path = Resources.swift; sourceTree = "<group>"; };
		45FB2CA12AE19A0F008824D4 /* SimpleJobsBasedRenderPass.swift */ = {isa = PBXFileReference; lastKnownFileType = sourcecode.swift; path = SimpleJobsBasedRenderPass.swift; sourceTree = "<group>"; };
		45FB2CA42AE19C55008824D4 /* MetalCanvas.swift */ = {isa = PBXFileReference; lastKnownFileType = sourcecode.swift; path = MetalCanvas.swift; sourceTree = "<group>"; };
		45FB795F2ACF6E10001CD1B5 /* Cube.glb */ = {isa = PBXFileReference; lastKnownFileType = file; path = Cube.glb; sourceTree = "<group>"; };
		45FFF2912B072CBA00A5E240 /* Teapot.ply */ = {isa = PBXFileReference; fileEncoding = 4; lastKnownFileType = text; path = Teapot.ply; sourceTree = "<group>"; };
/* End PBXFileReference section */

/* Begin PBXFrameworksBuildPhase section */
		453D32B12A48D06500FCEE29 /* Frameworks */ = {
			isa = PBXFrameworksBuildPhase;
			buildActionMask = 2147483647;
			files = (
				451EABF22BF126450085021D /* Compute in Frameworks */,
				451EABF62BF1268A0085021D /* RenderKit in Frameworks */,
				45501E1F2BF05A7B001E6ED9 /* SwiftGLTF in Frameworks */,
				451EABFA2BF127620085021D /* RenderKitScratch in Frameworks */,
				451EABF42BF126490085021D /* DemosSupport in Frameworks */,
			);
			runOnlyForDeploymentPostprocessing = 0;
		};
/* End PBXFrameworksBuildPhase section */

/* Begin PBXGroup section */
		4519014A2AE36FD6004722F2 /* Packages */ = {
			isa = PBXGroup;
			children = (
				459F361B2BF12618004822FC /* Compute */,
				459F361A2BF12618004822FC /* DemosSupport */,
				459F36192BF12610004822FC /* RenderKit */,
			);
			path = Packages;
			sourceTree = "<group>";
		};
		4519014C2AE37019004722F2 /* Frameworks */ = {
			isa = PBXGroup;
			children = (
			);
			name = Frameworks;
			sourceTree = "<group>";
		};
		452235B52AE73C9800CD89A3 /* Interactive */ = {
			isa = PBXGroup;
			children = (
				4555A0462ABE2BF00088CFFB /* BallRotationModifier.swift */,
				4555A0432ABE2BF00088CFFB /* FirstPersonInteractiveViewModifier.swift */,
				4555A05D2ABE2D100088CFFB /* GameControllerWidget.swift */,
				4555A0592ABE2CF50088CFFB /* MovementController.swift */,
			);
			path = Interactive;
			sourceTree = "<group>";
		};
		453532532ADB422900B9745A /* Particles */ = {
			isa = PBXGroup;
			children = (
				45B2E24F2AD7426900A2E7A1 /* Particles.swift */,
				453532562ADB426000B9745A /* ParticlesRenderJob.swift */,
				453532542ADB424000B9745A /* SimulationView.swift */,
			);
			path = Particles;
			sourceTree = "<group>";
		};
		453D32AB2A48D06500FCEE29 = {
			isa = PBXGroup;
			children = (
				455822182AE59E5000189306 /* README.md */,
				455822172AE59E3B00189306 /* TODO.md */,
				453D32B62A48D06500FCEE29 /* Demos */,
				459EDA562A494C0700F9211C /* CLI */,
				453D32B52A48D06500FCEE29 /* Products */,
				4519014A2AE36FD6004722F2 /* Packages */,
				4519014C2AE37019004722F2 /* Frameworks */,
			);
			sourceTree = "<group>";
		};
		453D32B52A48D06500FCEE29 /* Products */ = {
			isa = PBXGroup;
			children = (
				453D32B42A48D06500FCEE29 /* Demos.app */,
			);
			name = Products;
			sourceTree = "<group>";
		};
		453D32B62A48D06500FCEE29 /* Demos */ = {
			isa = PBXGroup;
			children = (
				45A147BB2A4B1B7300C06FE1 /* xcconfig */,
				453D32B72A48D06500FCEE29 /* DemosApp.swift */,
				4555A0362ABE017A0088CFFB /* DemosApp-VisionOS.swift */,
				453D32B92A48D06500FCEE29 /* ContentView.swift */,
				457D4F1E2ABD1634004CCD9D /* ContentView-VisionOS.swift */,
				45F8C55B2AE1AAB200F01290 /* ScreenSpaceDemoView.swift */,
				45AA935A2AEB022800AA3EAD /* TextureView.swift */,
				4515CA752AEC116800FF9753 /* PixelFormatsView.swift */,
				45C525512B0078B600593B44 /* CSGDemoView.swift */,
				45FFF2912B072CBA00A5E240 /* Teapot.ply */,
				45FB2CA32AE19C42008824D4 /* MetalCanvas */,
				453532532ADB422900B9745A /* Particles */,
				4578614F2AE32E95005DABD6 /* Particles2 */,
				4555A0492ABE2BF50088CFFB /* ShaderToy */,
				4555A03F2ABE2BF00088CFFB /* SimpleScene */,
				4555A03C2ABE2BEC0088CFFB /* Volumetric */,
				452235B52AE73C9800CD89A3 /* Interactive */,
				4555A0672ABE2F740088CFFB /* Support */,
				453D32BB2A48D06600FCEE29 /* Assets.xcassets */,
				453D32BD2A48D06600FCEE29 /* Demos.entitlements */,
				4570E2B82AC711A200B3B64D /* PerseveranceTiles */,
				455741BF2AC658060050267D /* TestcardTiles */,
				451196902A520D1F00F4F2DE /* Info.plist */,
				4555A03A2ABE0B310088CFFB /* Info-visionOS.plist */,
				453D32BE2A48D06600FCEE29 /* Preview Content */,
			);
			path = Demos;
			sourceTree = "<group>";
		};
		453D32BE2A48D06600FCEE29 /* Preview Content */ = {
			isa = PBXGroup;
			children = (
				453D32BF2A48D06600FCEE29 /* Preview Assets.xcassets */,
			);
			path = "Preview Content";
			sourceTree = "<group>";
		};
		4555A03C2ABE2BEC0088CFFB /* Volumetric */ = {
			isa = PBXGroup;
			children = (
				4555A03E2ABE2BEC0088CFFB /* VolumeData.swift */,
				45664A4C2AE58F4A00352D96 /* StanfordVolumeData.tar */,
				453F7D3C2ACC7A2C0051D331 /* VolumetricView.swift */,
				453F7D3E2ACC7A590051D331 /* VolumetricRenderPass.swift */,
			);
			path = Volumetric;
			sourceTree = "<group>";
		};
		4555A03F2ABE2BF00088CFFB /* SimpleScene */ = {
			isa = PBXGroup;
			children = (
				45FB2CA12AE19A0F008824D4 /* SimpleJobsBasedRenderPass.swift */,
				4555A0442ABE2BF00088CFFB /* SimpleSceneRenderPass.swift */,
				451337B72AE86B68009F670B /* FlatMaterial.swift */,
				451337B52AE86B00009F670B /* UnlitMaterial.swift */,
				4555A0402ABE2BF00088CFFB /* SimpleSceneView.swift */,
				4558221A2AE5A2A700189306 /* PanoramaRenderJob.swift */,
				459E755C2AC1EF6F004BC055 /* SimpleMesh.swift */,
				4555A0482ABE2BF00088CFFB /* SimpleScene.swift */,
				452235B12AE7090A00CD89A3 /* SimpleScene+Demo.swift */,
				45650DEB2ACCEAEA009F2AF2 /* GLTF+YAMesh.swift */,
				45B1D71D2ACFB25600960D02 /* YAMesh+Conversion.swift */,
				4555A0412ABE2BF00088CFFB /* SimpleSceneMapView.swift */,
				4555A0452ABE2BF00088CFFB /* SimpleSceneInspector.swift */,
				451337B32AE861BC009F670B /* TextureManager.swift */,
				45FB795F2ACF6E10001CD1B5 /* Cube.glb */,
				45650DE72ACCEA45009F2AF2 /* BarramundiFish.glb */,
			);
			path = SimpleScene;
			sourceTree = "<group>";
		};
		4555A0492ABE2BF50088CFFB /* ShaderToy */ = {
			isa = PBXGroup;
			children = (
				4555A04A2ABE2BF50088CFFB /* ShaderToy.metal */,
				4555A04B2ABE2BF50088CFFB /* ShaderToyView.swift */,
			);
			path = ShaderToy;
			sourceTree = "<group>";
		};
		4555A0672ABE2F740088CFFB /* Support */ = {
			isa = PBXGroup;
			children = (
				452235B32AE738FD00CD89A3 /* Bindings.swift */,
				4555A05F2ABE2D260088CFFB /* Counters.swift */,
				45BEC11F2ABE3480001730AB /* Cache.swift */,
				4555A0472ABE2BF00088CFFB /* Projections.swift */,
				4555A0652ABE2E7E0088CFFB /* Support.swift */,
				45FAACBB2ACCF54C006C31BD /* Resources.swift */,
				4555A0632ABE2E2E0088CFFB /* SwiftUI+Support.swift */,
				4555A0612ABE2D590088CFFB /* Logging.swift */,
				4555A05B2ABE2D030088CFFB /* DisplayLink.swift */,
				456C5BA02ADA3D4E00C4AD0D /* Gradient.swift */,
				45664A4A2AE58DED00352D96 /* TarArchive.swift */,
				452235AB2AE6F19E00CD89A3 /* Names.swift */,
				452235AE2AE6F1F800CD89A3 /* adjectives.txt */,
				452235AD2AE6F1F800CD89A3 /* nouns.txt */,
			);
			path = Support;
			sourceTree = "<group>";
		};
		455741BF2AC658060050267D /* TestcardTiles */ = {
			isa = PBXGroup;
			children = (
				455741C02AC658060050267D /* Testcard_01.ktx */,
				455741C12AC658060050267D /* Testcard_03.ktx */,
				455741C22AC658060050267D /* Testcard_02.ktx */,
				455741C32AC658060050267D /* Testcard_06.ktx */,
				455741C42AC658060050267D /* Testcard_12.ktx */,
				455741C52AC658060050267D /* Testcard_07.ktx */,
				455741C62AC658060050267D /* Testcard_11.ktx */,
				455741C72AC658060050267D /* Testcard_05.ktx */,
				455741C82AC658060050267D /* Testcard_04.ktx */,
				455741C92AC658060050267D /* Testcard_10.ktx */,
				455741CA2AC658060050267D /* Testcard_09.ktx */,
				455741CB2AC658060050267D /* Testcard_08.ktx */,
			);
			path = TestcardTiles;
			sourceTree = "<group>";
		};
		4570E2B82AC711A200B3B64D /* PerseveranceTiles */ = {
			isa = PBXGroup;
			children = (
				4570E2B92AC711A200B3B64D /* perseverance_08.ktx */,
				4570E2BA2AC711A200B3B64D /* perseverance_09.ktx */,
				4570E2BB2AC711A200B3B64D /* perseverance_02.ktx */,
				4570E2BC2AC711A200B3B64D /* perseverance_03.ktx */,
				4570E2BD2AC711A200B3B64D /* perseverance_01.ktx */,
				4570E2BE2AC711A200B3B64D /* perseverance_14.ktx */,
				4570E2BF2AC711A200B3B64D /* perseverance_10.ktx */,
				4570E2C02AC711A200B3B64D /* perseverance_04.ktx */,
				4570E2C12AC711A200B3B64D /* perseverance_05.ktx */,
				4570E2C22AC711A200B3B64D /* perseverance_11.ktx */,
				4570E2C32AC711A200B3B64D /* perseverance_07.ktx */,
				4570E2C42AC711A200B3B64D /* perseverance_13.ktx */,
				4570E2C52AC711A200B3B64D /* perseverance_12.ktx */,
				4570E2C62AC711A200B3B64D /* perseverance_06.ktx */,
			);
			path = PerseveranceTiles;
			sourceTree = "<group>";
		};
		4578614F2AE32E95005DABD6 /* Particles2 */ = {
			isa = PBXGroup;
			children = (
				457861502AE32EA0005DABD6 /* Particles2.swift */,
			);
			path = Particles2;
			sourceTree = "<group>";
		};
		459EDA562A494C0700F9211C /* CLI */ = {
			isa = PBXGroup;
			children = (
				459EDA572A494C0700F9211C /* CLI.swift */,
				45650DE12ACCE5CE009F2AF2 /* OffscreenDemo.swift */,
				45650DE32ACCE5FA009F2AF2 /* Media.xcassets */,
			);
			path = CLI;
			sourceTree = "<group>";
		};
		45A147BB2A4B1B7300C06FE1 /* xcconfig */ = {
			isa = PBXGroup;
			children = (
				45A147BF2A4B1B7300C06FE1 /* Project-Shared.xcconfig */,
				45A147C32A4B1B7300C06FE1 /* Project-Debug.xcconfig */,
				45A147BD2A4B1B7300C06FE1 /* Project-Release.xcconfig */,
				45A147C42A4B1B7300C06FE1 /* CLI-Shared.xcconfig */,
				45A147BE2A4B1B7300C06FE1 /* CLI-Debug.xcconfig */,
				45A147BC2A4B1B7300C06FE1 /* CLI-Release.xcconfig */,
				45A147C02A4B1B7300C06FE1 /* Demos-Shared.xcconfig */,
				45A147C12A4B1B7300C06FE1 /* Demos-Debug.xcconfig */,
				45A147C22A4B1B7300C06FE1 /* Demos-Release.xcconfig */,
			);
			path = xcconfig;
			sourceTree = SOURCE_ROOT;
		};
		45FB2CA32AE19C42008824D4 /* MetalCanvas */ = {
			isa = PBXGroup;
			children = (
				45FB2CA42AE19C55008824D4 /* MetalCanvas.swift */,
			);
			path = MetalCanvas;
			sourceTree = "<group>";
		};
/* End PBXGroup section */

/* Begin PBXNativeTarget section */
		453D32B32A48D06500FCEE29 /* Demos */ = {
			isa = PBXNativeTarget;
			buildConfigurationList = 453D32C32A48D06600FCEE29 /* Build configuration list for PBXNativeTarget "Demos" */;
			buildPhases = (
				453D32B02A48D06500FCEE29 /* Sources */,
				453D32B12A48D06500FCEE29 /* Frameworks */,
				453D32B22A48D06500FCEE29 /* Resources */,
			);
			buildRules = (
			);
			dependencies = (
			);
			name = Demos;
			packageProductDependencies = (
				45501E1E2BF05A7B001E6ED9 /* SwiftGLTF */,
				451EABF12BF126450085021D /* Compute */,
				451EABF32BF126490085021D /* DemosSupport */,
				451EABF52BF1268A0085021D /* RenderKit */,
				451EABF92BF127620085021D /* RenderKitScratch */,
			);
			productName = Demos;
			productReference = 453D32B42A48D06500FCEE29 /* Demos.app */;
			productType = "com.apple.product-type.application";
		};
/* End PBXNativeTarget section */

/* Begin PBXProject section */
		453D32AC2A48D06500FCEE29 /* Project object */ = {
			isa = PBXProject;
			attributes = {
				BuildIndependentTargetsInParallel = 1;
				LastSwiftUpdateCheck = 1510;
				LastUpgradeCheck = 1500;
				TargetAttributes = {
					453D32B32A48D06500FCEE29 = {
						CreatedOnToolsVersion = 15.0;
					};
				};
			};
			buildConfigurationList = 453D32AF2A48D06500FCEE29 /* Build configuration list for PBXProject "RenderKitDemos" */;
			compatibilityVersion = "Xcode 14.0";
			developmentRegion = en;
			hasScannedForEncodings = 0;
			knownRegions = (
				en,
				Base,
			);
			mainGroup = 453D32AB2A48D06500FCEE29;
			packageReferences = (
				456B96F52BF0590800EA484F /* XCLocalSwiftPackageReference "Packages/Compute" */,
				456B96F82BF0591900EA484F /* XCLocalSwiftPackageReference "Packages/DemosSupport" */,
				45501E1D2BF05A7B001E6ED9 /* XCRemoteSwiftPackageReference "SwiftGLTF" */,
			);
			productRefGroup = 453D32B52A48D06500FCEE29 /* Products */;
			projectDirPath = "";
			projectRoot = "";
			targets = (
				453D32B32A48D06500FCEE29 /* Demos */,
			);
		};
/* End PBXProject section */

/* Begin PBXResourcesBuildPhase section */
		453D32B22A48D06500FCEE29 /* Resources */ = {
			isa = PBXResourcesBuildPhase;
			buildActionMask = 2147483647;
			files = (
				4570E2D42AC711A200B3B64D /* perseverance_06.ktx in Resources */,
				4570E2D02AC711A200B3B64D /* perseverance_11.ktx in Resources */,
				4570E2C92AC711A200B3B64D /* perseverance_02.ktx in Resources */,
				4570E2CF2AC711A200B3B64D /* perseverance_05.ktx in Resources */,
				455741CD2AC658060050267D /* Testcard_03.ktx in Resources */,
				4570E2D32AC711A200B3B64D /* perseverance_12.ktx in Resources */,
				45664A4D2AE58F4A00352D96 /* StanfordVolumeData.tar in Resources */,
				455741D02AC658060050267D /* Testcard_12.ktx in Resources */,
				455741CF2AC658060050267D /* Testcard_06.ktx in Resources */,
				455741D12AC658060050267D /* Testcard_07.ktx in Resources */,
				455741D22AC658060050267D /* Testcard_11.ktx in Resources */,
				45FB79602ACF6E10001CD1B5 /* Cube.glb in Resources */,
				4570E2CE2AC711A200B3B64D /* perseverance_04.ktx in Resources */,
				4570E2CD2AC711A200B3B64D /* perseverance_10.ktx in Resources */,
				455741D32AC658060050267D /* Testcard_05.ktx in Resources */,
				4555A03B2ABE0B310088CFFB /* Info-visionOS.plist in Resources */,
				453D32C02A48D06600FCEE29 /* Preview Assets.xcassets in Resources */,
				455741CC2AC658060050267D /* Testcard_01.ktx in Resources */,
				455741D62AC658060050267D /* Testcard_09.ktx in Resources */,
				45650DE82ACCEA45009F2AF2 /* BarramundiFish.glb in Resources */,
				452235B02AE6F1F800CD89A3 /* adjectives.txt in Resources */,
				455741D52AC658060050267D /* Testcard_10.ktx in Resources */,
				4570E2CA2AC711A200B3B64D /* perseverance_03.ktx in Resources */,
				4570E2D12AC711A200B3B64D /* perseverance_07.ktx in Resources */,
				4570E2C72AC711A200B3B64D /* perseverance_08.ktx in Resources */,
				452235AF2AE6F1F800CD89A3 /* nouns.txt in Resources */,
				4570E2CC2AC711A200B3B64D /* perseverance_14.ktx in Resources */,
				4570E2CB2AC711A200B3B64D /* perseverance_01.ktx in Resources */,
				4570E2D22AC711A200B3B64D /* perseverance_13.ktx in Resources */,
				455741CE2AC658060050267D /* Testcard_02.ktx in Resources */,
				455741D72AC658060050267D /* Testcard_08.ktx in Resources */,
				4570E2C82AC711A200B3B64D /* perseverance_09.ktx in Resources */,
				455741D42AC658060050267D /* Testcard_04.ktx in Resources */,
				45FFF2922B072CBA00A5E240 /* Teapot.ply in Resources */,
				453D32BC2A48D06600FCEE29 /* Assets.xcassets in Resources */,
			);
			runOnlyForDeploymentPostprocessing = 0;
		};
/* End PBXResourcesBuildPhase section */

/* Begin PBXSourcesBuildPhase section */
		453D32B02A48D06500FCEE29 /* Sources */ = {
			isa = PBXSourcesBuildPhase;
			buildActionMask = 2147483647;
			files = (
				4555A0532ABE2CD80088CFFB /* SimpleSceneMapView.swift in Sources */,
				45650DEC2ACCEAEA009F2AF2 /* GLTF+YAMesh.swift in Sources */,
				4555A0562ABE2CDD0088CFFB /* ShaderToy.metal in Sources */,
				451337B62AE86B00009F670B /* UnlitMaterial.swift in Sources */,
				453D32BA2A48D06500FCEE29 /* ContentView.swift in Sources */,
				453532572ADB426000B9745A /* ParticlesRenderJob.swift in Sources */,
				4555A0622ABE2D590088CFFB /* Logging.swift in Sources */,
				45AA935B2AEB022800AA3EAD /* TextureView.swift in Sources */,
				4555A0522ABE2CD80088CFFB /* FirstPersonInteractiveViewModifier.swift in Sources */,
				4515CA762AEC116800FF9753 /* PixelFormatsView.swift in Sources */,
				452235AC2AE6F19E00CD89A3 /* Names.swift in Sources */,
				453F7D3F2ACC7A590051D331 /* VolumetricRenderPass.swift in Sources */,
				45664A4B2AE58DED00352D96 /* TarArchive.swift in Sources */,
				45B2E2502AD7426900A2E7A1 /* Particles.swift in Sources */,
				4555A0662ABE2E7E0088CFFB /* Support.swift in Sources */,
				45FB2CA52AE19C55008824D4 /* MetalCanvas.swift in Sources */,
				45B1D71E2ACFB25600960D02 /* YAMesh+Conversion.swift in Sources */,
				4555A05A2ABE2CF50088CFFB /* MovementController.swift in Sources */,
				4555A0642ABE2E2E0088CFFB /* SwiftUI+Support.swift in Sources */,
				457D4F1F2ABD1634004CCD9D /* ContentView-VisionOS.swift in Sources */,
				451337B82AE86B68009F670B /* FlatMaterial.swift in Sources */,
				4555A0372ABE017A0088CFFB /* DemosApp-VisionOS.swift in Sources */,
				459E755D2AC1EF6F004BC055 /* SimpleMesh.swift in Sources */,
				4555A04D2ABE2CD80088CFFB /* SimpleSceneView.swift in Sources */,
				4555A0582ABE2CE20088CFFB /* VolumeData.swift in Sources */,
				4555A0602ABE2D260088CFFB /* Counters.swift in Sources */,
				45FB2CA22AE19A0F008824D4 /* SimpleJobsBasedRenderPass.swift in Sources */,
				4555A04F2ABE2CD80088CFFB /* SimpleSceneRenderPass.swift in Sources */,
				456C5BA12ADA3D4E00C4AD0D /* Gradient.swift in Sources */,
				4555A05C2ABE2D030088CFFB /* DisplayLink.swift in Sources */,
				4555A0512ABE2CD80088CFFB /* SimpleScene.swift in Sources */,
				4558221B2AE5A2A700189306 /* PanoramaRenderJob.swift in Sources */,
				4555A0542ABE2CD80088CFFB /* BallRotationModifier.swift in Sources */,
				4555A0552ABE2CDD0088CFFB /* ShaderToyView.swift in Sources */,
				4555A05E2ABE2D100088CFFB /* GameControllerWidget.swift in Sources */,
				457861512AE32EA0005DABD6 /* Particles2.swift in Sources */,
				453D32B82A48D06500FCEE29 /* DemosApp.swift in Sources */,
				45F8C55C2AE1AAB200F01290 /* ScreenSpaceDemoView.swift in Sources */,
				45BEC1212ABE3480001730AB /* Cache.swift in Sources */,
				45FAACBC2ACCF54C006C31BD /* Resources.swift in Sources */,
				452235B22AE7090A00CD89A3 /* SimpleScene+Demo.swift in Sources */,
				45C525522B0078B600593B44 /* CSGDemoView.swift in Sources */,
				453F7D3D2ACC7A2C0051D331 /* VolumetricView.swift in Sources */,
				453532552ADB424000B9745A /* SimulationView.swift in Sources */,
				4555A0502ABE2CD80088CFFB /* Projections.swift in Sources */,
				452235B42AE738FD00CD89A3 /* Bindings.swift in Sources */,
				4555A04E2ABE2CD80088CFFB /* SimpleSceneInspector.swift in Sources */,
				451337B42AE861BC009F670B /* TextureManager.swift in Sources */,
			);
			runOnlyForDeploymentPostprocessing = 0;
		};
/* End PBXSourcesBuildPhase section */

/* Begin XCBuildConfiguration section */
		453D32C12A48D06600FCEE29 /* Debug */ = {
			isa = XCBuildConfiguration;
			baseConfigurationReference = 45A147C32A4B1B7300C06FE1 /* Project-Debug.xcconfig */;
			buildSettings = {
				DEAD_CODE_STRIPPING = YES;
			};
			name = Debug;
		};
		453D32C22A48D06600FCEE29 /* Release */ = {
			isa = XCBuildConfiguration;
			baseConfigurationReference = 45A147BD2A4B1B7300C06FE1 /* Project-Release.xcconfig */;
			buildSettings = {
				DEAD_CODE_STRIPPING = YES;
			};
			name = Release;
		};
		453D32C42A48D06600FCEE29 /* Debug */ = {
			isa = XCBuildConfiguration;
			baseConfigurationReference = 45A147C12A4B1B7300C06FE1 /* Demos-Debug.xcconfig */;
			buildSettings = {
				"INFOPLIST_FILE[sdk=xros*]" = "Demos/Info-visionOS.plist";
				INFOPLIST_KEY_UIApplicationSceneManifest_Generation = YES;
				INFOPLIST_KEY_UISupportedInterfaceOrientations_iPad = "UIInterfaceOrientationPortrait UIInterfaceOrientationPortraitUpsideDown UIInterfaceOrientationLandscapeLeft UIInterfaceOrientationLandscapeRight";
				INFOPLIST_KEY_UISupportedInterfaceOrientations_iPhone = "UIInterfaceOrientationPortrait UIInterfaceOrientationLandscapeLeft UIInterfaceOrientationLandscapeRight";
			};
			name = Debug;
		};
		453D32C52A48D06600FCEE29 /* Release */ = {
			isa = XCBuildConfiguration;
			baseConfigurationReference = 45A147C22A4B1B7300C06FE1 /* Demos-Release.xcconfig */;
			buildSettings = {
				"INFOPLIST_FILE[sdk=xros*]" = "Demos/Info-visionOS.plist";
				INFOPLIST_KEY_UIApplicationSceneManifest_Generation = YES;
				INFOPLIST_KEY_UISupportedInterfaceOrientations_iPad = "UIInterfaceOrientationPortrait UIInterfaceOrientationPortraitUpsideDown UIInterfaceOrientationLandscapeLeft UIInterfaceOrientationLandscapeRight";
				INFOPLIST_KEY_UISupportedInterfaceOrientations_iPhone = "UIInterfaceOrientationPortrait UIInterfaceOrientationLandscapeLeft UIInterfaceOrientationLandscapeRight";
			};
			name = Release;
		};
/* End XCBuildConfiguration section */

/* Begin XCConfigurationList section */
		453D32AF2A48D06500FCEE29 /* Build configuration list for PBXProject "RenderKitDemos" */ = {
			isa = XCConfigurationList;
			buildConfigurations = (
				453D32C12A48D06600FCEE29 /* Debug */,
				453D32C22A48D06600FCEE29 /* Release */,
			);
			defaultConfigurationIsVisible = 0;
			defaultConfigurationName = Release;
		};
		453D32C32A48D06600FCEE29 /* Build configuration list for PBXNativeTarget "Demos" */ = {
			isa = XCConfigurationList;
			buildConfigurations = (
				453D32C42A48D06600FCEE29 /* Debug */,
				453D32C52A48D06600FCEE29 /* Release */,
			);
			defaultConfigurationIsVisible = 0;
			defaultConfigurationName = Release;
		};
/* End XCConfigurationList section */

/* Begin XCLocalSwiftPackageReference section */
		456B96F52BF0590800EA484F /* XCLocalSwiftPackageReference "Packages/Compute" */ = {
			isa = XCLocalSwiftPackageReference;
			relativePath = Packages/Compute;
		};
		456B96F82BF0591900EA484F /* XCLocalSwiftPackageReference "Packages/DemosSupport" */ = {
			isa = XCLocalSwiftPackageReference;
			relativePath = Packages/DemosSupport;
		};
/* End XCLocalSwiftPackageReference section */

/* Begin XCRemoteSwiftPackageReference section */
		45501E1D2BF05A7B001E6ED9 /* XCRemoteSwiftPackageReference "SwiftGLTF" */ = {
			isa = XCRemoteSwiftPackageReference;
			repositoryURL = "https://github.com/schwa/SwiftGLTF";
			requirement = {
				branch = main;
				kind = branch;
			};
		};
/* End XCRemoteSwiftPackageReference section */

/* Begin XCSwiftPackageProductDependency section */
		451EABF12BF126450085021D /* Compute */ = {
			isa = XCSwiftPackageProductDependency;
			productName = Compute;
		};
		451EABF32BF126490085021D /* DemosSupport */ = {
			isa = XCSwiftPackageProductDependency;
			productName = DemosSupport;
		};
		451EABF52BF1268A0085021D /* RenderKit */ = {
			isa = XCSwiftPackageProductDependency;
			productName = RenderKit;
		};
		451EABF92BF127620085021D /* RenderKitScratch */ = {
			isa = XCSwiftPackageProductDependency;
			productName = RenderKitScratch;
		};
		45501E1E2BF05A7B001E6ED9 /* SwiftGLTF */ = {
			isa = XCSwiftPackageProductDependency;
			package = 45501E1D2BF05A7B001E6ED9 /* XCRemoteSwiftPackageReference "SwiftGLTF" */;
			productName = SwiftGLTF;
		};
/* End XCSwiftPackageProductDependency section */
	};
	rootObject = 453D32AC2A48D06500FCEE29 /* Project object */;
}
