// !$*UTF8*$!
{
	archiveVersion = 1;
	classes = {
	};
	objectVersion = 56;
	objects = {

/* Begin PBXBuildFile section */
		453D32B82A48D06500FCEE29 /* DemosApp.swift in Sources */ = {isa = PBXBuildFile; fileRef = 453D32B72A48D06500FCEE29 /* DemosApp.swift */; };
		453D32BA2A48D06500FCEE29 /* ContentView.swift in Sources */ = {isa = PBXBuildFile; fileRef = 453D32B92A48D06500FCEE29 /* ContentView.swift */; };
		453D32BC2A48D06600FCEE29 /* Assets.xcassets in Resources */ = {isa = PBXBuildFile; fileRef = 453D32BB2A48D06600FCEE29 /* Assets.xcassets */; };
		453D32C02A48D06600FCEE29 /* Preview Assets.xcassets in Resources */ = {isa = PBXBuildFile; fileRef = 453D32BF2A48D06600FCEE29 /* Preview Assets.xcassets */; };
		457D4F1F2ABD1634004CCD9D /* ContentView-VisionOS.swift in Sources */ = {isa = PBXBuildFile; fileRef = 457D4F1E2ABD1634004CCD9D /* ContentView-VisionOS.swift */; };
		457D4F212ABD16B6004CCD9D /* RenderKitImmersive in Frameworks */ = {isa = PBXBuildFile; platformFilters = (xros, ); productRef = 457D4F202ABD16B6004CCD9D /* RenderKitImmersive */; };
		459EDA582A494C0700F9211C /* CLI.swift in Sources */ = {isa = PBXBuildFile; fileRef = 459EDA572A494C0700F9211C /* CLI.swift */; };
		459F48652A50779C00623EEE /* RenderKit in Frameworks */ = {isa = PBXBuildFile; productRef = 459F48642A50779C00623EEE /* RenderKit */; };
		459F48672A5077A300623EEE /* RenderKit in Frameworks */ = {isa = PBXBuildFile; productRef = 459F48662A5077A300623EEE /* RenderKit */; };
		45CC35642AB8240F00C33779 /* StanfordVolumeData in Resources */ = {isa = PBXBuildFile; fileRef = 45CC35632AB8240F00C33779 /* StanfordVolumeData */; };
/* End PBXBuildFile section */

/* Begin PBXCopyFilesBuildPhase section */
		459EDA532A494C0600F9211C /* CopyFiles */ = {
			isa = PBXCopyFilesBuildPhase;
			buildActionMask = 2147483647;
			dstPath = /usr/share/man/man1/;
			dstSubfolderSpec = 0;
			files = (
			);
			runOnlyForDeploymentPostprocessing = 1;
		};
/* End PBXCopyFilesBuildPhase section */

/* Begin PBXFileReference section */
		451196902A520D1F00F4F2DE /* Info.plist */ = {isa = PBXFileReference; lastKnownFileType = text.plist; path = Info.plist; sourceTree = "<group>"; };
		453D32B42A48D06500FCEE29 /* Demos.app */ = {isa = PBXFileReference; explicitFileType = wrapper.application; includeInIndex = 0; path = Demos.app; sourceTree = BUILT_PRODUCTS_DIR; };
		453D32B72A48D06500FCEE29 /* DemosApp.swift */ = {isa = PBXFileReference; lastKnownFileType = sourcecode.swift; path = DemosApp.swift; sourceTree = "<group>"; };
		453D32B92A48D06500FCEE29 /* ContentView.swift */ = {isa = PBXFileReference; lastKnownFileType = sourcecode.swift; path = ContentView.swift; sourceTree = "<group>"; };
		453D32BB2A48D06600FCEE29 /* Assets.xcassets */ = {isa = PBXFileReference; lastKnownFileType = folder.assetcatalog; path = Assets.xcassets; sourceTree = "<group>"; };
		453D32BD2A48D06600FCEE29 /* Demos.entitlements */ = {isa = PBXFileReference; lastKnownFileType = text.plist.entitlements; path = Demos.entitlements; sourceTree = "<group>"; };
		453D32BF2A48D06600FCEE29 /* Preview Assets.xcassets */ = {isa = PBXFileReference; lastKnownFileType = folder.assetcatalog; path = "Preview Assets.xcassets"; sourceTree = "<group>"; };
		457D4F1E2ABD1634004CCD9D /* ContentView-VisionOS.swift */ = {isa = PBXFileReference; lastKnownFileType = sourcecode.swift; path = "ContentView-VisionOS.swift"; sourceTree = "<group>"; };
		459EDA552A494C0600F9211C /* CLI */ = {isa = PBXFileReference; explicitFileType = "compiled.mach-o.executable"; includeInIndex = 0; path = CLI; sourceTree = BUILT_PRODUCTS_DIR; };
		459EDA572A494C0700F9211C /* CLI.swift */ = {isa = PBXFileReference; lastKnownFileType = sourcecode.swift; path = CLI.swift; sourceTree = "<group>"; };
		459F48632A50776C00623EEE /* RenderKit */ = {isa = PBXFileReference; lastKnownFileType = wrapper; name = RenderKit; path = ..; sourceTree = "<group>"; };
		45A147BC2A4B1B7300C06FE1 /* CLI-Release.xcconfig */ = {isa = PBXFileReference; lastKnownFileType = text.xcconfig; path = "CLI-Release.xcconfig"; sourceTree = "<group>"; };
		45A147BD2A4B1B7300C06FE1 /* Project-Release.xcconfig */ = {isa = PBXFileReference; lastKnownFileType = text.xcconfig; path = "Project-Release.xcconfig"; sourceTree = "<group>"; };
		45A147BE2A4B1B7300C06FE1 /* CLI-Debug.xcconfig */ = {isa = PBXFileReference; lastKnownFileType = text.xcconfig; path = "CLI-Debug.xcconfig"; sourceTree = "<group>"; };
		45A147BF2A4B1B7300C06FE1 /* Project-Shared.xcconfig */ = {isa = PBXFileReference; lastKnownFileType = text.xcconfig; path = "Project-Shared.xcconfig"; sourceTree = "<group>"; };
		45A147C02A4B1B7300C06FE1 /* Demos-Shared.xcconfig */ = {isa = PBXFileReference; lastKnownFileType = text.xcconfig; path = "Demos-Shared.xcconfig"; sourceTree = "<group>"; };
		45A147C12A4B1B7300C06FE1 /* Demos-Debug.xcconfig */ = {isa = PBXFileReference; lastKnownFileType = text.xcconfig; path = "Demos-Debug.xcconfig"; sourceTree = "<group>"; };
		45A147C22A4B1B7300C06FE1 /* Demos-Release.xcconfig */ = {isa = PBXFileReference; lastKnownFileType = text.xcconfig; path = "Demos-Release.xcconfig"; sourceTree = "<group>"; };
		45A147C32A4B1B7300C06FE1 /* Project-Debug.xcconfig */ = {isa = PBXFileReference; lastKnownFileType = text.xcconfig; path = "Project-Debug.xcconfig"; sourceTree = "<group>"; };
		45A147C42A4B1B7300C06FE1 /* CLI-Shared.xcconfig */ = {isa = PBXFileReference; lastKnownFileType = text.xcconfig; path = "CLI-Shared.xcconfig"; sourceTree = "<group>"; };
		45CC35632AB8240F00C33779 /* StanfordVolumeData */ = {isa = PBXFileReference; lastKnownFileType = folder; path = StanfordVolumeData; sourceTree = "<group>"; };
/* End PBXFileReference section */

/* Begin PBXFrameworksBuildPhase section */
		453D32B12A48D06500FCEE29 /* Frameworks */ = {
			isa = PBXFrameworksBuildPhase;
			buildActionMask = 2147483647;
			files = (
				459F48652A50779C00623EEE /* RenderKit in Frameworks */,
				457D4F212ABD16B6004CCD9D /* RenderKitImmersive in Frameworks */,
			);
			runOnlyForDeploymentPostprocessing = 0;
		};
		459EDA522A494C0600F9211C /* Frameworks */ = {
			isa = PBXFrameworksBuildPhase;
			buildActionMask = 2147483647;
			files = (
				459F48672A5077A300623EEE /* RenderKit in Frameworks */,
			);
			runOnlyForDeploymentPostprocessing = 0;
		};
/* End PBXFrameworksBuildPhase section */

/* Begin PBXGroup section */
		453D32AB2A48D06500FCEE29 = {
			isa = PBXGroup;
			children = (
				459F48632A50776C00623EEE /* RenderKit */,
				453D32B62A48D06500FCEE29 /* Demos */,
				459EDA562A494C0700F9211C /* CLI */,
				453D32B52A48D06500FCEE29 /* Products */,
				459E2E272A48D64000E98F70 /* Frameworks */,
			);
			sourceTree = "<group>";
		};
		453D32B52A48D06500FCEE29 /* Products */ = {
			isa = PBXGroup;
			children = (
				453D32B42A48D06500FCEE29 /* Demos.app */,
				459EDA552A494C0600F9211C /* CLI */,
			);
			name = Products;
			sourceTree = "<group>";
		};
		453D32B62A48D06500FCEE29 /* Demos */ = {
			isa = PBXGroup;
			children = (
				451196902A520D1F00F4F2DE /* Info.plist */,
				45A147BB2A4B1B7300C06FE1 /* xcconfig */,
				453D32B72A48D06500FCEE29 /* DemosApp.swift */,
				453D32B92A48D06500FCEE29 /* ContentView.swift */,
				457D4F1E2ABD1634004CCD9D /* ContentView-VisionOS.swift */,
				453D32BB2A48D06600FCEE29 /* Assets.xcassets */,
				453D32BD2A48D06600FCEE29 /* Demos.entitlements */,
				45CC35632AB8240F00C33779 /* StanfordVolumeData */,
				453D32BE2A48D06600FCEE29 /* Preview Content */,
			);
			path = Demos;
			sourceTree = "<group>";
		};
		453D32BE2A48D06600FCEE29 /* Preview Content */ = {
			isa = PBXGroup;
			children = (
				453D32BF2A48D06600FCEE29 /* Preview Assets.xcassets */,
			);
			path = "Preview Content";
			sourceTree = "<group>";
		};
		459E2E272A48D64000E98F70 /* Frameworks */ = {
			isa = PBXGroup;
			children = (
			);
			name = Frameworks;
			sourceTree = "<group>";
		};
		459EDA562A494C0700F9211C /* CLI */ = {
			isa = PBXGroup;
			children = (
				459EDA572A494C0700F9211C /* CLI.swift */,
			);
			path = CLI;
			sourceTree = "<group>";
		};
		45A147BB2A4B1B7300C06FE1 /* xcconfig */ = {
			isa = PBXGroup;
			children = (
				45A147BF2A4B1B7300C06FE1 /* Project-Shared.xcconfig */,
				45A147C32A4B1B7300C06FE1 /* Project-Debug.xcconfig */,
				45A147BD2A4B1B7300C06FE1 /* Project-Release.xcconfig */,
				45A147C42A4B1B7300C06FE1 /* CLI-Shared.xcconfig */,
				45A147BE2A4B1B7300C06FE1 /* CLI-Debug.xcconfig */,
				45A147BC2A4B1B7300C06FE1 /* CLI-Release.xcconfig */,
				45A147C02A4B1B7300C06FE1 /* Demos-Shared.xcconfig */,
				45A147C12A4B1B7300C06FE1 /* Demos-Debug.xcconfig */,
				45A147C22A4B1B7300C06FE1 /* Demos-Release.xcconfig */,
			);
			path = xcconfig;
			sourceTree = SOURCE_ROOT;
		};
/* End PBXGroup section */

/* Begin PBXNativeTarget section */
		453D32B32A48D06500FCEE29 /* Demos */ = {
			isa = PBXNativeTarget;
			buildConfigurationList = 453D32C32A48D06600FCEE29 /* Build configuration list for PBXNativeTarget "Demos" */;
			buildPhases = (
				453D32B02A48D06500FCEE29 /* Sources */,
				453D32B12A48D06500FCEE29 /* Frameworks */,
				453D32B22A48D06500FCEE29 /* Resources */,
			);
			buildRules = (
			);
			dependencies = (
			);
			name = Demos;
			packageProductDependencies = (
				459F48642A50779C00623EEE /* RenderKit */,
				457D4F202ABD16B6004CCD9D /* RenderKitImmersive */,
			);
			productName = Demos;
			productReference = 453D32B42A48D06500FCEE29 /* Demos.app */;
			productType = "com.apple.product-type.application";
		};
		459EDA542A494C0600F9211C /* CLI */ = {
			isa = PBXNativeTarget;
			buildConfigurationList = 459EDA592A494C0700F9211C /* Build configuration list for PBXNativeTarget "CLI" */;
			buildPhases = (
				459EDA512A494C0600F9211C /* Sources */,
				459EDA522A494C0600F9211C /* Frameworks */,
				459EDA532A494C0600F9211C /* CopyFiles */,
			);
			buildRules = (
			);
			dependencies = (
			);
			name = CLI;
			packageProductDependencies = (
				459F48662A5077A300623EEE /* RenderKit */,
			);
			productName = CLI;
			productReference = 459EDA552A494C0600F9211C /* CLI */;
			productType = "com.apple.product-type.tool";
		};
/* End PBXNativeTarget section */

/* Begin PBXProject section */
		453D32AC2A48D06500FCEE29 /* Project object */ = {
			isa = PBXProject;
			attributes = {
				BuildIndependentTargetsInParallel = 1;
				LastSwiftUpdateCheck = 1500;
				LastUpgradeCheck = 1500;
				TargetAttributes = {
					453D32B32A48D06500FCEE29 = {
						CreatedOnToolsVersion = 15.0;
					};
					459EDA542A494C0600F9211C = {
						CreatedOnToolsVersion = 15.0;
					};
				};
			};
			buildConfigurationList = 453D32AF2A48D06500FCEE29 /* Build configuration list for PBXProject "RenderKitDemos" */;
			compatibilityVersion = "Xcode 14.0";
			developmentRegion = en;
			hasScannedForEncodings = 0;
			knownRegions = (
				en,
				Base,
			);
			mainGroup = 453D32AB2A48D06500FCEE29;
			packageReferences = (
			);
			productRefGroup = 453D32B52A48D06500FCEE29 /* Products */;
			projectDirPath = "";
			projectRoot = "";
			targets = (
				453D32B32A48D06500FCEE29 /* Demos */,
				459EDA542A494C0600F9211C /* CLI */,
			);
		};
/* End PBXProject section */

/* Begin PBXResourcesBuildPhase section */
		453D32B22A48D06500FCEE29 /* Resources */ = {
			isa = PBXResourcesBuildPhase;
			buildActionMask = 2147483647;
			files = (
				453D32C02A48D06600FCEE29 /* Preview Assets.xcassets in Resources */,
				45CC35642AB8240F00C33779 /* StanfordVolumeData in Resources */,
				453D32BC2A48D06600FCEE29 /* Assets.xcassets in Resources */,
			);
			runOnlyForDeploymentPostprocessing = 0;
		};
/* End PBXResourcesBuildPhase section */

/* Begin PBXSourcesBuildPhase section */
		453D32B02A48D06500FCEE29 /* Sources */ = {
			isa = PBXSourcesBuildPhase;
			buildActionMask = 2147483647;
			files = (
				453D32BA2A48D06500FCEE29 /* ContentView.swift in Sources */,
				457D4F1F2ABD1634004CCD9D /* ContentView-VisionOS.swift in Sources */,
				453D32B82A48D06500FCEE29 /* DemosApp.swift in Sources */,
			);
			runOnlyForDeploymentPostprocessing = 0;
		};
		459EDA512A494C0600F9211C /* Sources */ = {
			isa = PBXSourcesBuildPhase;
			buildActionMask = 2147483647;
			files = (
				459EDA582A494C0700F9211C /* CLI.swift in Sources */,
			);
			runOnlyForDeploymentPostprocessing = 0;
		};
/* End PBXSourcesBuildPhase section */

/* Begin XCBuildConfiguration section */
		453D32C12A48D06600FCEE29 /* Debug */ = {
			isa = XCBuildConfiguration;
			baseConfigurationReference = 45A147C32A4B1B7300C06FE1 /* Project-Debug.xcconfig */;
			buildSettings = {
				DEAD_CODE_STRIPPING = YES;
			};
			name = Debug;
		};
		453D32C22A48D06600FCEE29 /* Release */ = {
			isa = XCBuildConfiguration;
			baseConfigurationReference = 45A147BD2A4B1B7300C06FE1 /* Project-Release.xcconfig */;
			buildSettings = {
				DEAD_CODE_STRIPPING = YES;
			};
			name = Release;
		};
		453D32C42A48D06600FCEE29 /* Debug */ = {
			isa = XCBuildConfiguration;
			baseConfigurationReference = 45A147C12A4B1B7300C06FE1 /* Demos-Debug.xcconfig */;
			buildSettings = {
			};
			name = Debug;
		};
		453D32C52A48D06600FCEE29 /* Release */ = {
			isa = XCBuildConfiguration;
			baseConfigurationReference = 45A147C22A4B1B7300C06FE1 /* Demos-Release.xcconfig */;
			buildSettings = {
			};
			name = Release;
		};
		459EDA5A2A494C0700F9211C /* Debug */ = {
			isa = XCBuildConfiguration;
			baseConfigurationReference = 45A147BE2A4B1B7300C06FE1 /* CLI-Debug.xcconfig */;
			buildSettings = {
				DEAD_CODE_STRIPPING = YES;
			};
			name = Debug;
		};
		459EDA5B2A494C0700F9211C /* Release */ = {
			isa = XCBuildConfiguration;
			baseConfigurationReference = 45A147BC2A4B1B7300C06FE1 /* CLI-Release.xcconfig */;
			buildSettings = {
				DEAD_CODE_STRIPPING = YES;
			};
			name = Release;
		};
/* End XCBuildConfiguration section */

/* Begin XCConfigurationList section */
		453D32AF2A48D06500FCEE29 /* Build configuration list for PBXProject "RenderKitDemos" */ = {
			isa = XCConfigurationList;
			buildConfigurations = (
				453D32C12A48D06600FCEE29 /* Debug */,
				453D32C22A48D06600FCEE29 /* Release */,
			);
			defaultConfigurationIsVisible = 0;
			defaultConfigurationName = Release;
		};
		453D32C32A48D06600FCEE29 /* Build configuration list for PBXNativeTarget "Demos" */ = {
			isa = XCConfigurationList;
			buildConfigurations = (
				453D32C42A48D06600FCEE29 /* Debug */,
				453D32C52A48D06600FCEE29 /* Release */,
			);
			defaultConfigurationIsVisible = 0;
			defaultConfigurationName = Release;
		};
		459EDA592A494C0700F9211C /* Build configuration list for PBXNativeTarget "CLI" */ = {
			isa = XCConfigurationList;
			buildConfigurations = (
				459EDA5A2A494C0700F9211C /* Debug */,
				459EDA5B2A494C0700F9211C /* Release */,
			);
			defaultConfigurationIsVisible = 0;
			defaultConfigurationName = Release;
		};
/* End XCConfigurationList section */

/* Begin XCSwiftPackageProductDependency section */
		457D4F202ABD16B6004CCD9D /* RenderKitImmersive */ = {
			isa = XCSwiftPackageProductDependency;
			productName = RenderKitImmersive;
		};
		459F48642A50779C00623EEE /* RenderKit */ = {
			isa = XCSwiftPackageProductDependency;
			productName = RenderKit;
		};
		459F48662A5077A300623EEE /* RenderKit */ = {
			isa = XCSwiftPackageProductDependency;
			productName = RenderKit;
		};
/* End XCSwiftPackageProductDependency section */
	};
	rootObject = 453D32AC2A48D06500FCEE29 /* Project object */;
}
